// !$*UTF8*$!
{
	archiveVersion = 1;
	classes = {
	};
	objectVersion = 46;
	objects = {

/* Begin PBXBuildFile section */
		152AA0661A4BA15500F059B3 /* main.m in Sources */ = {isa = PBXBuildFile; fileRef = 152AA0651A4BA15500F059B3 /* main.m */; };
		152AA0691A4BA15500F059B3 /* AppDelegate.m in Sources */ = {isa = PBXBuildFile; fileRef = 152AA0681A4BA15500F059B3 /* AppDelegate.m */; };
		152AA06C1A4BA15500F059B3 /* ViewController.m in Sources */ = {isa = PBXBuildFile; fileRef = 152AA06B1A4BA15500F059B3 /* ViewController.m */; };
		152AA0711A4BA15500F059B3 /* Images.xcassets in Resources */ = {isa = PBXBuildFile; fileRef = 152AA0701A4BA15500F059B3 /* Images.xcassets */; };
		152AA0741A4BA15500F059B3 /* LaunchScreen.xib in Resources */ = {isa = PBXBuildFile; fileRef = 152AA0721A4BA15500F059B3 /* LaunchScreen.xib */; };
		152AA0801A4BA15500F059B3 /* CommonTests.m in Sources */ = {isa = PBXBuildFile; fileRef = 152AA07F1A4BA15500F059B3 /* CommonTests.m */; };
		152AA08B1A4BA19100F059B3 /* Utils.m in Sources */ = {isa = PBXBuildFile; fileRef = 152AA08A1A4BA19100F059B3 /* Utils.m */; };
		152AA08F1A4BA82B00F059B3 /* BaseNavigationController.m in Sources */ = {isa = PBXBuildFile; fileRef = 152AA08E1A4BA82B00F059B3 /* BaseNavigationController.m */; };
		152AA0921A4BABFE00F059B3 /* BaseController.m in Sources */ = {isa = PBXBuildFile; fileRef = 152AA0911A4BABFE00F059B3 /* BaseController.m */; };
		152AA0951A4BBE2000F059B3 /* VertivalController.m in Sources */ = {isa = PBXBuildFile; fileRef = 152AA0941A4BBE2000F059B3 /* VertivalController.m */; };
		152AA0981A4BC09500F059B3 /* HorizontalController.m in Sources */ = {isa = PBXBuildFile; fileRef = 152AA0971A4BC09500F059B3 /* HorizontalController.m */; };
		152AA09B1A4BC97300F059B3 /* HViewController.m in Sources */ = {isa = PBXBuildFile; fileRef = 152AA09A1A4BC97300F059B3 /* HViewController.m */; };
		152AA0EC1A4BE5CC00F059B3 /* LoadingView.m in Sources */ = {isa = PBXBuildFile; fileRef = 152AA0A51A4BE5CC00F059B3 /* LoadingView.m */; };
		152AA0ED1A4BE5CC00F059B3 /* MBProgressHUD.m in Sources */ = {isa = PBXBuildFile; fileRef = 152AA0A71A4BE5CC00F059B3 /* MBProgressHUD.m */; };
		152AA0EE1A4BE5CC00F059B3 /* MJRefresh.bundle in Resources */ = {isa = PBXBuildFile; fileRef = 152AA0A91A4BE5CC00F059B3 /* MJRefresh.bundle */; };
		152AA0EF1A4BE5CC00F059B3 /* MJRefreshBaseView.m in Sources */ = {isa = PBXBuildFile; fileRef = 152AA0AC1A4BE5CC00F059B3 /* MJRefreshBaseView.m */; };
		152AA0F01A4BE5CC00F059B3 /* MJRefreshConst.m in Sources */ = {isa = PBXBuildFile; fileRef = 152AA0AE1A4BE5CC00F059B3 /* MJRefreshConst.m */; };
		152AA0F11A4BE5CC00F059B3 /* MJRefreshFooterView.m in Sources */ = {isa = PBXBuildFile; fileRef = 152AA0B01A4BE5CC00F059B3 /* MJRefreshFooterView.m */; };
		152AA0F21A4BE5CC00F059B3 /* MJRefreshHeaderView.m in Sources */ = {isa = PBXBuildFile; fileRef = 152AA0B21A4BE5CC00F059B3 /* MJRefreshHeaderView.m */; };
		152AA0F31A4BE5CC00F059B3 /* UIScrollView+Extension.m in Sources */ = {isa = PBXBuildFile; fileRef = 152AA0B41A4BE5CC00F059B3 /* UIScrollView+Extension.m */; };
		152AA0F41A4BE5CC00F059B3 /* UIScrollView+MJRefresh.m in Sources */ = {isa = PBXBuildFile; fileRef = 152AA0B61A4BE5CC00F059B3 /* UIScrollView+MJRefresh.m */; };
		152AA0F51A4BE5CC00F059B3 /* UIView+Extension.m in Sources */ = {isa = PBXBuildFile; fileRef = 152AA0B81A4BE5CC00F059B3 /* UIView+Extension.m */; };
		152AA0F61A4BE5CC00F059B3 /* SimplePickerCell.m in Sources */ = {isa = PBXBuildFile; fileRef = 152AA0BB1A4BE5CC00F059B3 /* SimplePickerCell.m */; };
		152AA0F71A4BE5CC00F059B3 /* SimplePikerTable.m in Sources */ = {isa = PBXBuildFile; fileRef = 152AA0BD1A4BE5CC00F059B3 /* SimplePikerTable.m */; };
		152AA0F81A4BE5CC00F059B3 /* SimplePikerView.m in Sources */ = {isa = PBXBuildFile; fileRef = 152AA0BF1A4BE5CC00F059B3 /* SimplePikerView.m */; };
		152AA0F91A4BE5CC00F059B3 /* MovableView.m in Sources */ = {isa = PBXBuildFile; fileRef = 152AA0C21A4BE5CC00F059B3 /* MovableView.m */; };
		152AA0FA1A4BE5CC00F059B3 /* PopUpMovableDialogView.m in Sources */ = {isa = PBXBuildFile; fileRef = 152AA0C41A4BE5CC00F059B3 /* PopUpMovableDialogView.m */; };
		152AA0FB1A4BE5CC00F059B3 /* PopUpMovableView.m in Sources */ = {isa = PBXBuildFile; fileRef = 152AA0C61A4BE5CC00F059B3 /* PopUpMovableView.m */; };
		152AA0FC1A4BE5CC00F059B3 /* FDEntityManager.m in Sources */ = {isa = PBXBuildFile; fileRef = 152AA0CA1A4BE5CC00F059B3 /* FDEntityManager.m */; };
		152AA0FD1A4BE5CC00F059B3 /* FDObject.m in Sources */ = {isa = PBXBuildFile; fileRef = 152AA0CC1A4BE5CC00F059B3 /* FDObject.m */; };
		152AA0FE1A4BE5CC00F059B3 /* ReflectClass.m in Sources */ = {isa = PBXBuildFile; fileRef = 152AA0CE1A4BE5CC00F059B3 /* ReflectClass.m */; };
		152AA0FF1A4BE5CC00F059B3 /* GraphicsContext.m in Sources */ = {isa = PBXBuildFile; fileRef = 152AA0D11A4BE5CC00F059B3 /* GraphicsContext.m */; };
		152AA1001A4BE5CC00F059B3 /* GraphicsLayer.m in Sources */ = {isa = PBXBuildFile; fileRef = 152AA0D31A4BE5CC00F059B3 /* GraphicsLayer.m */; };
		152AA1011A4BE5CC00F059B3 /* GraphicsThumb.m in Sources */ = {isa = PBXBuildFile; fileRef = 152AA0D51A4BE5CC00F059B3 /* GraphicsThumb.m */; };
		152AA1021A4BE5CC00F059B3 /* ObserverListner.m in Sources */ = {isa = PBXBuildFile; fileRef = 152AA0D81A4BE5CC00F059B3 /* ObserverListner.m */; };
		152AA1061A4BE5CC00F059B3 /* ReachabilityListener.m in Sources */ = {isa = PBXBuildFile; fileRef = 152AA0E31A4BE5CC00F059B3 /* ReachabilityListener.m */; };
		152AA1071A4BE5CC00F059B3 /* SkinDictionary.m in Sources */ = {isa = PBXBuildFile; fileRef = 152AA0E61A4BE5CC00F059B3 /* SkinDictionary.m */; };
		152AA1081A4BE5CC00F059B3 /* SynOperate.m in Sources */ = {isa = PBXBuildFile; fileRef = 152AA0E91A4BE5CC00F059B3 /* SynOperate.m */; };
		152AA10B1A4BE5EE00F059B3 /* AsyncImageView.m in Sources */ = {isa = PBXBuildFile; fileRef = 152AA10A1A4BE5EE00F059B3 /* AsyncImageView.m */; };
		152AA1211A4BE6C700F059B3 /* GDataXMLElement+expanded.m in Sources */ = {isa = PBXBuildFile; fileRef = 152AA10E1A4BE6C700F059B3 /* GDataXMLElement+expanded.m */; };
		152AA1221A4BE6C700F059B3 /* NSDate+Expand.m in Sources */ = {isa = PBXBuildFile; fileRef = 152AA1101A4BE6C700F059B3 /* NSDate+Expand.m */; };
		152AA1241A4BE6C700F059B3 /* NSString+Expand.m in Sources */ = {isa = PBXBuildFile; fileRef = 152AA1141A4BE6C700F059B3 /* NSString+Expand.m */; };
		152AA1251A4BE6C700F059B3 /* UIButton+Expand.m in Sources */ = {isa = PBXBuildFile; fileRef = 152AA1161A4BE6C700F059B3 /* UIButton+Expand.m */; };
		152AA1261A4BE6C700F059B3 /* UIColor+Expand.m in Sources */ = {isa = PBXBuildFile; fileRef = 152AA1181A4BE6C700F059B3 /* UIColor+Expand.m */; };
		152AA1271A4BE6C700F059B3 /* UIImage+Expand.m in Sources */ = {isa = PBXBuildFile; fileRef = 152AA11A1A4BE6C700F059B3 /* UIImage+Expand.m */; };
		152AA1281A4BE6C700F059B3 /* UILable+Expand.m in Sources */ = {isa = PBXBuildFile; fileRef = 152AA11C1A4BE6C700F059B3 /* UILable+Expand.m */; };
		152AA1291A4BE6C700F059B3 /* UIView+Expand.m in Sources */ = {isa = PBXBuildFile; fileRef = 152AA11E1A4BE6C700F059B3 /* UIView+Expand.m */; };
		152AA1C41A4BE95600F059B3 /* FMDatabase.m in Sources */ = {isa = PBXBuildFile; fileRef = 152AA14D1A4BE95600F059B3 /* FMDatabase.m */; };
		152AA1C51A4BE95700F059B3 /* FMDatabaseAdditions.m in Sources */ = {isa = PBXBuildFile; fileRef = 152AA14F1A4BE95600F059B3 /* FMDatabaseAdditions.m */; };
		152AA1C61A4BE95700F059B3 /* FMDatabasePool.m in Sources */ = {isa = PBXBuildFile; fileRef = 152AA1511A4BE95600F059B3 /* FMDatabasePool.m */; };
		152AA1C71A4BE95700F059B3 /* FMDatabaseQueue.m in Sources */ = {isa = PBXBuildFile; fileRef = 152AA1531A4BE95600F059B3 /* FMDatabaseQueue.m */; };
		152AA1C81A4BE95700F059B3 /* FMResultSet.m in Sources */ = {isa = PBXBuildFile; fileRef = 152AA1561A4BE95600F059B3 /* FMResultSet.m */; };
		152AA1C91A4BE95700F059B3 /* access.c in Sources */ = {isa = PBXBuildFile; fileRef = 152AA1601A4BE95600F059B3 /* access.c */; };
		152AA1CA1A4BE95700F059B3 /* alloc.c in Sources */ = {isa = PBXBuildFile; fileRef = 152AA1621A4BE95600F059B3 /* alloc.c */; };
		152AA1CB1A4BE95700F059B3 /* attrask.c in Sources */ = {isa = PBXBuildFile; fileRef = 152AA1631A4BE95600F059B3 /* attrask.c */; };
		152AA1CC1A4BE95700F059B3 /* attrdict.c in Sources */ = {isa = PBXBuildFile; fileRef = 152AA1641A4BE95600F059B3 /* attrdict.c */; };
		152AA1CD1A4BE95700F059B3 /* attrget.c in Sources */ = {isa = PBXBuildFile; fileRef = 152AA1661A4BE95600F059B3 /* attrget.c */; };
		152AA1CE1A4BE95700F059B3 /* attrs.c in Sources */ = {isa = PBXBuildFile; fileRef = 152AA1671A4BE95600F059B3 /* attrs.c */; };
		152AA1CF1A4BE95700F059B3 /* buffio.c in Sources */ = {isa = PBXBuildFile; fileRef = 152AA1691A4BE95600F059B3 /* buffio.c */; };
		152AA1D01A4BE95700F059B3 /* charsets.c in Sources */ = {isa = PBXBuildFile; fileRef = 152AA16A1A4BE95600F059B3 /* charsets.c */; };
		152AA1D11A4BE95700F059B3 /* clean.c in Sources */ = {isa = PBXBuildFile; fileRef = 152AA16C1A4BE95600F059B3 /* clean.c */; };
		152AA1D21A4BE95700F059B3 /* config.c in Sources */ = {isa = PBXBuildFile; fileRef = 152AA16E1A4BE95600F059B3 /* config.c */; };
		152AA1D31A4BE95700F059B3 /* entities.c in Sources */ = {isa = PBXBuildFile; fileRef = 152AA1701A4BE95600F059B3 /* entities.c */; };
		152AA1D41A4BE95700F059B3 /* fileio.c in Sources */ = {isa = PBXBuildFile; fileRef = 152AA1721A4BE95600F059B3 /* fileio.c */; };
		152AA1D51A4BE95700F059B3 /* iconvtc.c in Sources */ = {isa = PBXBuildFile; fileRef = 152AA1751A4BE95600F059B3 /* iconvtc.c */; };
		152AA1D61A4BE95700F059B3 /* istack.c in Sources */ = {isa = PBXBuildFile; fileRef = 152AA1771A4BE95600F059B3 /* istack.c */; };
		152AA1D71A4BE95700F059B3 /* lexer.c in Sources */ = {isa = PBXBuildFile; fileRef = 152AA1781A4BE95600F059B3 /* lexer.c */; };
		152AA1D81A4BE95700F059B3 /* localize.c in Sources */ = {isa = PBXBuildFile; fileRef = 152AA17A1A4BE95600F059B3 /* localize.c */; };
		152AA1D91A4BE95700F059B3 /* mappedio.c in Sources */ = {isa = PBXBuildFile; fileRef = 152AA17B1A4BE95600F059B3 /* mappedio.c */; };
		152AA1DA1A4BE95700F059B3 /* parser.c in Sources */ = {isa = PBXBuildFile; fileRef = 152AA17E1A4BE95600F059B3 /* parser.c */; };
		152AA1DB1A4BE95700F059B3 /* pprint.c in Sources */ = {isa = PBXBuildFile; fileRef = 152AA1801A4BE95600F059B3 /* pprint.c */; };
		152AA1DC1A4BE95700F059B3 /* streamio.c in Sources */ = {isa = PBXBuildFile; fileRef = 152AA1821A4BE95600F059B3 /* streamio.c */; };
		152AA1DD1A4BE95700F059B3 /* tagask.c in Sources */ = {isa = PBXBuildFile; fileRef = 152AA1841A4BE95600F059B3 /* tagask.c */; };
		152AA1DE1A4BE95700F059B3 /* tags.c in Sources */ = {isa = PBXBuildFile; fileRef = 152AA1851A4BE95600F059B3 /* tags.c */; };
		152AA1DF1A4BE95700F059B3 /* tidylib.c in Sources */ = {isa = PBXBuildFile; fileRef = 152AA1881A4BE95600F059B3 /* tidylib.c */; };
		152AA1E01A4BE95700F059B3 /* tmbstr.c in Sources */ = {isa = PBXBuildFile; fileRef = 152AA1891A4BE95600F059B3 /* tmbstr.c */; };
		152AA1E11A4BE95700F059B3 /* utf8.c in Sources */ = {isa = PBXBuildFile; fileRef = 152AA18B1A4BE95600F059B3 /* utf8.c */; };
		152AA1E21A4BE95700F059B3 /* win32tc.c in Sources */ = {isa = PBXBuildFile; fileRef = 152AA18E1A4BE95600F059B3 /* win32tc.c */; };
		152AA1E31A4BE95700F059B3 /* GDataXMLNode.m in Sources */ = {isa = PBXBuildFile; fileRef = 152AA1921A4BE95600F059B3 /* GDataXMLNode.m */; settings = {COMPILER_FLAGS = "-fno-objc-arc"; }; };
		152AA1E41A4BE95700F059B3 /* HtmlTidy.m in Sources */ = {isa = PBXBuildFile; fileRef = 152AA1941A4BE95600F059B3 /* HtmlTidy.m */; settings = {COMPILER_FLAGS = "-fno-objc-arc"; }; };
		152AA1E51A4BE95700F059B3 /* NSObject+SBJSON.m in Sources */ = {isa = PBXBuildFile; fileRef = 152AA1981A4BE95600F059B3 /* NSObject+SBJSON.m */; };
		152AA1E61A4BE95700F059B3 /* NSString+SBJSON.m in Sources */ = {isa = PBXBuildFile; fileRef = 152AA19A1A4BE95600F059B3 /* NSString+SBJSON.m */; };
		152AA1E71A4BE95700F059B3 /* SBJsonBase.m in Sources */ = {isa = PBXBuildFile; fileRef = 152AA19C1A4BE95600F059B3 /* SBJsonBase.m */; };
		152AA1E81A4BE95700F059B3 /* SBJsonParser.m in Sources */ = {isa = PBXBuildFile; fileRef = 152AA19E1A4BE95600F059B3 /* SBJsonParser.m */; };
		152AA1E91A4BE95700F059B3 /* SBJsonWriter.m in Sources */ = {isa = PBXBuildFile; fileRef = 152AA1A01A4BE95600F059B3 /* SBJsonWriter.m */; };
		152AA1EA1A4BE95700F059B3 /* Reachability.m in Sources */ = {isa = PBXBuildFile; fileRef = 152AA1A31A4BE95600F059B3 /* Reachability.m */; settings = {COMPILER_FLAGS = "-fno-objc-arc"; }; };
		152AA1ED1A4BE95700F059B3 /* ioapi.c in Sources */ = {isa = PBXBuildFile; fileRef = 152AA1AC1A4BE95600F059B3 /* ioapi.c */; };
		152AA1EE1A4BE95700F059B3 /* mztools.c in Sources */ = {isa = PBXBuildFile; fileRef = 152AA1AE1A4BE95600F059B3 /* mztools.c */; };
		152AA1EF1A4BE95700F059B3 /* unzip.c in Sources */ = {isa = PBXBuildFile; fileRef = 152AA1B01A4BE95600F059B3 /* unzip.c */; };
		152AA1F01A4BE95700F059B3 /* zip.c in Sources */ = {isa = PBXBuildFile; fileRef = 152AA1B21A4BE95600F059B3 /* zip.c */; };
		152AA1F11A4BE95700F059B3 /* ZipArchive.mm in Sources */ = {isa = PBXBuildFile; fileRef = 152AA1B51A4BE95600F059B3 /* ZipArchive.mm */; };
		152AA1F31A4BEB7B00F059B3 /* libstdc++.dylib in Frameworks */ = {isa = PBXBuildFile; fileRef = 152AA1F21A4BEB7B00F059B3 /* libstdc++.dylib */; };
		152AA1F51A4BEB8700F059B3 /* libxml2.dylib in Frameworks */ = {isa = PBXBuildFile; fileRef = 152AA1F41A4BEB8700F059B3 /* libxml2.dylib */; };
		152AA1F71A4BEB9200F059B3 /* libz.dylib in Frameworks */ = {isa = PBXBuildFile; fileRef = 152AA1F61A4BEB9200F059B3 /* libz.dylib */; };
		152AA1FA1A4BED8B00F059B3 /* ConfigManage.m in Sources */ = {isa = PBXBuildFile; fileRef = 152AA1F91A4BED8B00F059B3 /* ConfigManage.m */; };
		152AA1FC1A4BEE8000F059B3 /* libsqlite3.dylib in Frameworks */ = {isa = PBXBuildFile; fileRef = 152AA1FB1A4BEE8000F059B3 /* libsqlite3.dylib */; };
		152AB8D61A4CFB2100365D67 /* DeviceOrientationListener.m in Sources */ = {isa = PBXBuildFile; fileRef = 152AB8D51A4CFB2100365D67 /* DeviceOrientationListener.m */; };
		152AB8D91A4D00F900365D67 /* BaseWindow.m in Sources */ = {isa = PBXBuildFile; fileRef = 152AB8D81A4D00F900365D67 /* BaseWindow.m */; };
		152AB8E41A4D530F00365D67 /* HttpUtilDownLoad.m in Sources */ = {isa = PBXBuildFile; fileRef = 152AB8E31A4D530F00365D67 /* HttpUtilDownLoad.m */; };
		152AB8E71A4D534000365D67 /* HttpUtilRequest.m in Sources */ = {isa = PBXBuildFile; fileRef = 152AB8E61A4D534000365D67 /* HttpUtilRequest.m */; };
		152AB8EC1A4D586A00365D67 /* Basic_Localizable.strings in Resources */ = {isa = PBXBuildFile; fileRef = 152AB8EA1A4D586A00365D67 /* Basic_Localizable.strings */; };
		152AB8EF1A4D59B600365D67 /* device_orientation.wav in Resources */ = {isa = PBXBuildFile; fileRef = 152AB8EE1A4D59B600365D67 /* device_orientation.wav */; };
		1585A81E1A53991F004FA37B /* RegexPredicate.m in Sources */ = {isa = PBXBuildFile; fileRef = 1585A81D1A53991F004FA37B /* RegexPredicate.m */; };
/* End PBXBuildFile section */

/* Begin PBXContainerItemProxy section */
		152AA07A1A4BA15500F059B3 /* PBXContainerItemProxy */ = {
			isa = PBXContainerItemProxy;
			containerPortal = 152AA0581A4BA15500F059B3 /* Project object */;
			proxyType = 1;
			remoteGlobalIDString = 152AA05F1A4BA15500F059B3;
			remoteInfo = Common;
		};
/* End PBXContainerItemProxy section */

/* Begin PBXFileReference section */
		152AA0601A4BA15500F059B3 /* Common.app */ = {isa = PBXFileReference; explicitFileType = wrapper.application; includeInIndex = 0; path = Common.app; sourceTree = BUILT_PRODUCTS_DIR; };
		152AA0641A4BA15500F059B3 /* Info.plist */ = {isa = PBXFileReference; lastKnownFileType = text.plist.xml; path = Info.plist; sourceTree = "<group>"; };
		152AA0651A4BA15500F059B3 /* main.m */ = {isa = PBXFileReference; lastKnownFileType = sourcecode.c.objc; path = main.m; sourceTree = "<group>"; };
		152AA0671A4BA15500F059B3 /* AppDelegate.h */ = {isa = PBXFileReference; lastKnownFileType = sourcecode.c.h; path = AppDelegate.h; sourceTree = "<group>"; };
		152AA0681A4BA15500F059B3 /* AppDelegate.m */ = {isa = PBXFileReference; lastKnownFileType = sourcecode.c.objc; path = AppDelegate.m; sourceTree = "<group>"; };
		152AA06A1A4BA15500F059B3 /* ViewController.h */ = {isa = PBXFileReference; lastKnownFileType = sourcecode.c.h; path = ViewController.h; sourceTree = "<group>"; };
		152AA06B1A4BA15500F059B3 /* ViewController.m */ = {isa = PBXFileReference; lastKnownFileType = sourcecode.c.objc; path = ViewController.m; sourceTree = "<group>"; };
		152AA0701A4BA15500F059B3 /* Images.xcassets */ = {isa = PBXFileReference; lastKnownFileType = folder.assetcatalog; path = Images.xcassets; sourceTree = "<group>"; };
		152AA0731A4BA15500F059B3 /* Base */ = {isa = PBXFileReference; lastKnownFileType = file.xib; name = Base; path = Base.lproj/LaunchScreen.xib; sourceTree = "<group>"; };
		152AA0791A4BA15500F059B3 /* CommonTests.xctest */ = {isa = PBXFileReference; explicitFileType = wrapper.cfbundle; includeInIndex = 0; path = CommonTests.xctest; sourceTree = BUILT_PRODUCTS_DIR; };
		152AA07E1A4BA15500F059B3 /* Info.plist */ = {isa = PBXFileReference; lastKnownFileType = text.plist.xml; path = Info.plist; sourceTree = "<group>"; };
		152AA07F1A4BA15500F059B3 /* CommonTests.m */ = {isa = PBXFileReference; lastKnownFileType = sourcecode.c.objc; path = CommonTests.m; sourceTree = "<group>"; };
		152AA0891A4BA19100F059B3 /* Utils.h */ = {isa = PBXFileReference; fileEncoding = 4; lastKnownFileType = sourcecode.c.h; path = Utils.h; sourceTree = "<group>"; };
		152AA08A1A4BA19100F059B3 /* Utils.m */ = {isa = PBXFileReference; fileEncoding = 4; lastKnownFileType = sourcecode.c.objc; path = Utils.m; sourceTree = "<group>"; };
		152AA08D1A4BA82B00F059B3 /* BaseNavigationController.h */ = {isa = PBXFileReference; fileEncoding = 4; lastKnownFileType = sourcecode.c.h; path = BaseNavigationController.h; sourceTree = "<group>"; };
		152AA08E1A4BA82B00F059B3 /* BaseNavigationController.m */ = {isa = PBXFileReference; fileEncoding = 4; lastKnownFileType = sourcecode.c.objc; path = BaseNavigationController.m; sourceTree = "<group>"; };
		152AA0901A4BABFE00F059B3 /* BaseController.h */ = {isa = PBXFileReference; fileEncoding = 4; lastKnownFileType = sourcecode.c.h; path = BaseController.h; sourceTree = "<group>"; };
		152AA0911A4BABFE00F059B3 /* BaseController.m */ = {isa = PBXFileReference; fileEncoding = 4; lastKnownFileType = sourcecode.c.objc; path = BaseController.m; sourceTree = "<group>"; };
		152AA0931A4BBE2000F059B3 /* VertivalController.h */ = {isa = PBXFileReference; fileEncoding = 4; lastKnownFileType = sourcecode.c.h; path = VertivalController.h; sourceTree = "<group>"; };
		152AA0941A4BBE2000F059B3 /* VertivalController.m */ = {isa = PBXFileReference; fileEncoding = 4; lastKnownFileType = sourcecode.c.objc; path = VertivalController.m; sourceTree = "<group>"; };
		152AA0961A4BC09500F059B3 /* HorizontalController.h */ = {isa = PBXFileReference; fileEncoding = 4; lastKnownFileType = sourcecode.c.h; path = HorizontalController.h; sourceTree = "<group>"; };
		152AA0971A4BC09500F059B3 /* HorizontalController.m */ = {isa = PBXFileReference; fileEncoding = 4; lastKnownFileType = sourcecode.c.objc; path = HorizontalController.m; sourceTree = "<group>"; };
		152AA0991A4BC97300F059B3 /* HViewController.h */ = {isa = PBXFileReference; fileEncoding = 4; lastKnownFileType = sourcecode.c.h; name = HViewController.h; path = BaseController/HViewController.h; sourceTree = "<group>"; };
		152AA09A1A4BC97300F059B3 /* HViewController.m */ = {isa = PBXFileReference; fileEncoding = 4; lastKnownFileType = sourcecode.c.objc; name = HViewController.m; path = BaseController/HViewController.m; sourceTree = "<group>"; };
		152AA0A41A4BE5CC00F059B3 /* LoadingView.h */ = {isa = PBXFileReference; fileEncoding = 4; lastKnownFileType = sourcecode.c.h; path = LoadingView.h; sourceTree = "<group>"; };
		152AA0A51A4BE5CC00F059B3 /* LoadingView.m */ = {isa = PBXFileReference; fileEncoding = 4; lastKnownFileType = sourcecode.c.objc; path = LoadingView.m; sourceTree = "<group>"; };
		152AA0A61A4BE5CC00F059B3 /* MBProgressHUD.h */ = {isa = PBXFileReference; fileEncoding = 4; lastKnownFileType = sourcecode.c.h; path = MBProgressHUD.h; sourceTree = "<group>"; };
		152AA0A71A4BE5CC00F059B3 /* MBProgressHUD.m */ = {isa = PBXFileReference; fileEncoding = 4; lastKnownFileType = sourcecode.c.objc; path = MBProgressHUD.m; sourceTree = "<group>"; };
		152AA0A91A4BE5CC00F059B3 /* MJRefresh.bundle */ = {isa = PBXFileReference; lastKnownFileType = "wrapper.plug-in"; path = MJRefresh.bundle; sourceTree = "<group>"; };
		152AA0AA1A4BE5CC00F059B3 /* MJRefresh.h */ = {isa = PBXFileReference; fileEncoding = 4; lastKnownFileType = sourcecode.c.h; path = MJRefresh.h; sourceTree = "<group>"; };
		152AA0AB1A4BE5CC00F059B3 /* MJRefreshBaseView.h */ = {isa = PBXFileReference; fileEncoding = 4; lastKnownFileType = sourcecode.c.h; path = MJRefreshBaseView.h; sourceTree = "<group>"; };
		152AA0AC1A4BE5CC00F059B3 /* MJRefreshBaseView.m */ = {isa = PBXFileReference; fileEncoding = 4; lastKnownFileType = sourcecode.c.objc; path = MJRefreshBaseView.m; sourceTree = "<group>"; };
		152AA0AD1A4BE5CC00F059B3 /* MJRefreshConst.h */ = {isa = PBXFileReference; fileEncoding = 4; lastKnownFileType = sourcecode.c.h; path = MJRefreshConst.h; sourceTree = "<group>"; };
		152AA0AE1A4BE5CC00F059B3 /* MJRefreshConst.m */ = {isa = PBXFileReference; fileEncoding = 4; lastKnownFileType = sourcecode.c.objc; path = MJRefreshConst.m; sourceTree = "<group>"; };
		152AA0AF1A4BE5CC00F059B3 /* MJRefreshFooterView.h */ = {isa = PBXFileReference; fileEncoding = 4; lastKnownFileType = sourcecode.c.h; path = MJRefreshFooterView.h; sourceTree = "<group>"; };
		152AA0B01A4BE5CC00F059B3 /* MJRefreshFooterView.m */ = {isa = PBXFileReference; fileEncoding = 4; lastKnownFileType = sourcecode.c.objc; path = MJRefreshFooterView.m; sourceTree = "<group>"; };
		152AA0B11A4BE5CC00F059B3 /* MJRefreshHeaderView.h */ = {isa = PBXFileReference; fileEncoding = 4; lastKnownFileType = sourcecode.c.h; path = MJRefreshHeaderView.h; sourceTree = "<group>"; };
		152AA0B21A4BE5CC00F059B3 /* MJRefreshHeaderView.m */ = {isa = PBXFileReference; fileEncoding = 4; lastKnownFileType = sourcecode.c.objc; path = MJRefreshHeaderView.m; sourceTree = "<group>"; };
		152AA0B31A4BE5CC00F059B3 /* UIScrollView+Extension.h */ = {isa = PBXFileReference; fileEncoding = 4; lastKnownFileType = sourcecode.c.h; path = "UIScrollView+Extension.h"; sourceTree = "<group>"; };
		152AA0B41A4BE5CC00F059B3 /* UIScrollView+Extension.m */ = {isa = PBXFileReference; fileEncoding = 4; lastKnownFileType = sourcecode.c.objc; path = "UIScrollView+Extension.m"; sourceTree = "<group>"; };
		152AA0B51A4BE5CC00F059B3 /* UIScrollView+MJRefresh.h */ = {isa = PBXFileReference; fileEncoding = 4; lastKnownFileType = sourcecode.c.h; path = "UIScrollView+MJRefresh.h"; sourceTree = "<group>"; };
		152AA0B61A4BE5CC00F059B3 /* UIScrollView+MJRefresh.m */ = {isa = PBXFileReference; fileEncoding = 4; lastKnownFileType = sourcecode.c.objc; path = "UIScrollView+MJRefresh.m"; sourceTree = "<group>"; };
		152AA0B71A4BE5CC00F059B3 /* UIView+Extension.h */ = {isa = PBXFileReference; fileEncoding = 4; lastKnownFileType = sourcecode.c.h; path = "UIView+Extension.h"; sourceTree = "<group>"; };
		152AA0B81A4BE5CC00F059B3 /* UIView+Extension.m */ = {isa = PBXFileReference; fileEncoding = 4; lastKnownFileType = sourcecode.c.objc; path = "UIView+Extension.m"; sourceTree = "<group>"; };
		152AA0BA1A4BE5CC00F059B3 /* SimplePickerCell.h */ = {isa = PBXFileReference; fileEncoding = 4; lastKnownFileType = sourcecode.c.h; path = SimplePickerCell.h; sourceTree = "<group>"; };
		152AA0BB1A4BE5CC00F059B3 /* SimplePickerCell.m */ = {isa = PBXFileReference; fileEncoding = 4; lastKnownFileType = sourcecode.c.objc; path = SimplePickerCell.m; sourceTree = "<group>"; };
		152AA0BC1A4BE5CC00F059B3 /* SimplePikerTable.h */ = {isa = PBXFileReference; fileEncoding = 4; lastKnownFileType = sourcecode.c.h; path = SimplePikerTable.h; sourceTree = "<group>"; };
		152AA0BD1A4BE5CC00F059B3 /* SimplePikerTable.m */ = {isa = PBXFileReference; fileEncoding = 4; lastKnownFileType = sourcecode.c.objc; path = SimplePikerTable.m; sourceTree = "<group>"; };
		152AA0BE1A4BE5CC00F059B3 /* SimplePikerView.h */ = {isa = PBXFileReference; fileEncoding = 4; lastKnownFileType = sourcecode.c.h; path = SimplePikerView.h; sourceTree = "<group>"; };
		152AA0BF1A4BE5CC00F059B3 /* SimplePikerView.m */ = {isa = PBXFileReference; fileEncoding = 4; lastKnownFileType = sourcecode.c.objc; path = SimplePikerView.m; sourceTree = "<group>"; };
		152AA0C11A4BE5CC00F059B3 /* MovableView.h */ = {isa = PBXFileReference; fileEncoding = 4; lastKnownFileType = sourcecode.c.h; path = MovableView.h; sourceTree = "<group>"; };
		152AA0C21A4BE5CC00F059B3 /* MovableView.m */ = {isa = PBXFileReference; fileEncoding = 4; lastKnownFileType = sourcecode.c.objc; path = MovableView.m; sourceTree = "<group>"; };
		152AA0C31A4BE5CC00F059B3 /* PopUpMovableDialogView.h */ = {isa = PBXFileReference; fileEncoding = 4; lastKnownFileType = sourcecode.c.h; path = PopUpMovableDialogView.h; sourceTree = "<group>"; };
		152AA0C41A4BE5CC00F059B3 /* PopUpMovableDialogView.m */ = {isa = PBXFileReference; fileEncoding = 4; lastKnownFileType = sourcecode.c.objc; path = PopUpMovableDialogView.m; sourceTree = "<group>"; };
		152AA0C51A4BE5CC00F059B3 /* PopUpMovableView.h */ = {isa = PBXFileReference; fileEncoding = 4; lastKnownFileType = sourcecode.c.h; path = PopUpMovableView.h; sourceTree = "<group>"; };
		152AA0C61A4BE5CC00F059B3 /* PopUpMovableView.m */ = {isa = PBXFileReference; fileEncoding = 4; lastKnownFileType = sourcecode.c.objc; path = PopUpMovableView.m; sourceTree = "<group>"; };
		152AA0C91A4BE5CC00F059B3 /* FDEntityManager.h */ = {isa = PBXFileReference; fileEncoding = 4; lastKnownFileType = sourcecode.c.h; path = FDEntityManager.h; sourceTree = "<group>"; };
		152AA0CA1A4BE5CC00F059B3 /* FDEntityManager.m */ = {isa = PBXFileReference; fileEncoding = 4; lastKnownFileType = sourcecode.c.objc; path = FDEntityManager.m; sourceTree = "<group>"; };
		152AA0CB1A4BE5CC00F059B3 /* FDObject.h */ = {isa = PBXFileReference; fileEncoding = 4; lastKnownFileType = sourcecode.c.h; path = FDObject.h; sourceTree = "<group>"; };
		152AA0CC1A4BE5CC00F059B3 /* FDObject.m */ = {isa = PBXFileReference; fileEncoding = 4; lastKnownFileType = sourcecode.c.objc; path = FDObject.m; sourceTree = "<group>"; };
		152AA0CD1A4BE5CC00F059B3 /* ReflectClass.h */ = {isa = PBXFileReference; fileEncoding = 4; lastKnownFileType = sourcecode.c.h; path = ReflectClass.h; sourceTree = "<group>"; };
		152AA0CE1A4BE5CC00F059B3 /* ReflectClass.m */ = {isa = PBXFileReference; fileEncoding = 4; lastKnownFileType = sourcecode.c.objc; path = ReflectClass.m; sourceTree = "<group>"; };
		152AA0D01A4BE5CC00F059B3 /* GraphicsContext.h */ = {isa = PBXFileReference; fileEncoding = 4; lastKnownFileType = sourcecode.c.h; path = GraphicsContext.h; sourceTree = "<group>"; };
		152AA0D11A4BE5CC00F059B3 /* GraphicsContext.m */ = {isa = PBXFileReference; fileEncoding = 4; lastKnownFileType = sourcecode.c.objc; path = GraphicsContext.m; sourceTree = "<group>"; };
		152AA0D21A4BE5CC00F059B3 /* GraphicsLayer.h */ = {isa = PBXFileReference; fileEncoding = 4; lastKnownFileType = sourcecode.c.h; path = GraphicsLayer.h; sourceTree = "<group>"; };
		152AA0D31A4BE5CC00F059B3 /* GraphicsLayer.m */ = {isa = PBXFileReference; fileEncoding = 4; lastKnownFileType = sourcecode.c.objc; path = GraphicsLayer.m; sourceTree = "<group>"; };
		152AA0D41A4BE5CC00F059B3 /* GraphicsThumb.h */ = {isa = PBXFileReference; fileEncoding = 4; lastKnownFileType = sourcecode.c.h; path = GraphicsThumb.h; sourceTree = "<group>"; };
		152AA0D51A4BE5CC00F059B3 /* GraphicsThumb.m */ = {isa = PBXFileReference; fileEncoding = 4; lastKnownFileType = sourcecode.c.objc; path = GraphicsThumb.m; sourceTree = "<group>"; };
		152AA0D71A4BE5CC00F059B3 /* ObserverListner.h */ = {isa = PBXFileReference; fileEncoding = 4; lastKnownFileType = sourcecode.c.h; path = ObserverListner.h; sourceTree = "<group>"; };
		152AA0D81A4BE5CC00F059B3 /* ObserverListner.m */ = {isa = PBXFileReference; fileEncoding = 4; lastKnownFileType = sourcecode.c.objc; path = ObserverListner.m; sourceTree = "<group>"; };
		152AA0E21A4BE5CC00F059B3 /* ReachabilityListener.h */ = {isa = PBXFileReference; fileEncoding = 4; lastKnownFileType = sourcecode.c.h; path = ReachabilityListener.h; sourceTree = "<group>"; };
		152AA0E31A4BE5CC00F059B3 /* ReachabilityListener.m */ = {isa = PBXFileReference; fileEncoding = 4; lastKnownFileType = sourcecode.c.objc; path = ReachabilityListener.m; sourceTree = "<group>"; };
		152AA0E51A4BE5CC00F059B3 /* SkinDictionary.h */ = {isa = PBXFileReference; fileEncoding = 4; lastKnownFileType = sourcecode.c.h; path = SkinDictionary.h; sourceTree = "<group>"; };
		152AA0E61A4BE5CC00F059B3 /* SkinDictionary.m */ = {isa = PBXFileReference; fileEncoding = 4; lastKnownFileType = sourcecode.c.objc; path = SkinDictionary.m; sourceTree = "<group>"; };
		152AA0E81A4BE5CC00F059B3 /* SynOperate.h */ = {isa = PBXFileReference; fileEncoding = 4; lastKnownFileType = sourcecode.c.h; path = SynOperate.h; sourceTree = "<group>"; };
		152AA0E91A4BE5CC00F059B3 /* SynOperate.m */ = {isa = PBXFileReference; fileEncoding = 4; lastKnownFileType = sourcecode.c.objc; path = SynOperate.m; sourceTree = "<group>"; };
		152AA1091A4BE5EE00F059B3 /* AsyncImageView.h */ = {isa = PBXFileReference; fileEncoding = 4; lastKnownFileType = sourcecode.c.h; path = AsyncImageView.h; sourceTree = "<group>"; };
		152AA10A1A4BE5EE00F059B3 /* AsyncImageView.m */ = {isa = PBXFileReference; fileEncoding = 4; lastKnownFileType = sourcecode.c.objc; path = AsyncImageView.m; sourceTree = "<group>"; };
		152AA10D1A4BE6C700F059B3 /* GDataXMLElement+expanded.h */ = {isa = PBXFileReference; fileEncoding = 4; lastKnownFileType = sourcecode.c.h; path = "GDataXMLElement+expanded.h"; sourceTree = "<group>"; };
		152AA10E1A4BE6C700F059B3 /* GDataXMLElement+expanded.m */ = {isa = PBXFileReference; fileEncoding = 4; lastKnownFileType = sourcecode.c.objc; path = "GDataXMLElement+expanded.m"; sourceTree = "<group>"; };
		152AA10F1A4BE6C700F059B3 /* NSDate+Expand.h */ = {isa = PBXFileReference; fileEncoding = 4; lastKnownFileType = sourcecode.c.h; path = "NSDate+Expand.h"; sourceTree = "<group>"; };
		152AA1101A4BE6C700F059B3 /* NSDate+Expand.m */ = {isa = PBXFileReference; fileEncoding = 4; lastKnownFileType = sourcecode.c.objc; path = "NSDate+Expand.m"; sourceTree = "<group>"; };
		152AA1131A4BE6C700F059B3 /* NSString+Expand.h */ = {isa = PBXFileReference; fileEncoding = 4; lastKnownFileType = sourcecode.c.h; path = "NSString+Expand.h"; sourceTree = "<group>"; };
		152AA1141A4BE6C700F059B3 /* NSString+Expand.m */ = {isa = PBXFileReference; fileEncoding = 4; lastKnownFileType = sourcecode.c.objc; path = "NSString+Expand.m"; sourceTree = "<group>"; };
		152AA1151A4BE6C700F059B3 /* UIButton+Expand.h */ = {isa = PBXFileReference; fileEncoding = 4; lastKnownFileType = sourcecode.c.h; path = "UIButton+Expand.h"; sourceTree = "<group>"; };
		152AA1161A4BE6C700F059B3 /* UIButton+Expand.m */ = {isa = PBXFileReference; fileEncoding = 4; lastKnownFileType = sourcecode.c.objc; path = "UIButton+Expand.m"; sourceTree = "<group>"; };
		152AA1171A4BE6C700F059B3 /* UIColor+Expand.h */ = {isa = PBXFileReference; fileEncoding = 4; lastKnownFileType = sourcecode.c.h; path = "UIColor+Expand.h"; sourceTree = "<group>"; };
		152AA1181A4BE6C700F059B3 /* UIColor+Expand.m */ = {isa = PBXFileReference; fileEncoding = 4; lastKnownFileType = sourcecode.c.objc; path = "UIColor+Expand.m"; sourceTree = "<group>"; };
		152AA1191A4BE6C700F059B3 /* UIImage+Expand.h */ = {isa = PBXFileReference; fileEncoding = 4; lastKnownFileType = sourcecode.c.h; path = "UIImage+Expand.h"; sourceTree = "<group>"; };
		152AA11A1A4BE6C700F059B3 /* UIImage+Expand.m */ = {isa = PBXFileReference; fileEncoding = 4; lastKnownFileType = sourcecode.c.objc; path = "UIImage+Expand.m"; sourceTree = "<group>"; };
		152AA11B1A4BE6C700F059B3 /* UILable+Expand.h */ = {isa = PBXFileReference; fileEncoding = 4; lastKnownFileType = sourcecode.c.h; path = "UILable+Expand.h"; sourceTree = "<group>"; };
		152AA11C1A4BE6C700F059B3 /* UILable+Expand.m */ = {isa = PBXFileReference; fileEncoding = 4; lastKnownFileType = sourcecode.c.objc; path = "UILable+Expand.m"; sourceTree = "<group>"; };
		152AA11D1A4BE6C700F059B3 /* UIView+Expand.h */ = {isa = PBXFileReference; fileEncoding = 4; lastKnownFileType = sourcecode.c.h; path = "UIView+Expand.h"; sourceTree = "<group>"; };
		152AA11E1A4BE6C700F059B3 /* UIView+Expand.m */ = {isa = PBXFileReference; fileEncoding = 4; lastKnownFileType = sourcecode.c.objc; path = "UIView+Expand.m"; sourceTree = "<group>"; };
		152AA12B1A4BE70A00F059B3 /* Common.h */ = {isa = PBXFileReference; fileEncoding = 4; lastKnownFileType = sourcecode.c.h; path = Common.h; sourceTree = "<group>"; };
		152AA14C1A4BE95600F059B3 /* FMDatabase.h */ = {isa = PBXFileReference; fileEncoding = 4; lastKnownFileType = sourcecode.c.h; path = FMDatabase.h; sourceTree = "<group>"; };
		152AA14D1A4BE95600F059B3 /* FMDatabase.m */ = {isa = PBXFileReference; fileEncoding = 4; lastKnownFileType = sourcecode.c.objc; path = FMDatabase.m; sourceTree = "<group>"; };
		152AA14E1A4BE95600F059B3 /* FMDatabaseAdditions.h */ = {isa = PBXFileReference; fileEncoding = 4; lastKnownFileType = sourcecode.c.h; path = FMDatabaseAdditions.h; sourceTree = "<group>"; };
		152AA14F1A4BE95600F059B3 /* FMDatabaseAdditions.m */ = {isa = PBXFileReference; fileEncoding = 4; lastKnownFileType = sourcecode.c.objc; path = FMDatabaseAdditions.m; sourceTree = "<group>"; };
		152AA1501A4BE95600F059B3 /* FMDatabasePool.h */ = {isa = PBXFileReference; fileEncoding = 4; lastKnownFileType = sourcecode.c.h; path = FMDatabasePool.h; sourceTree = "<group>"; };
		152AA1511A4BE95600F059B3 /* FMDatabasePool.m */ = {isa = PBXFileReference; fileEncoding = 4; lastKnownFileType = sourcecode.c.objc; path = FMDatabasePool.m; sourceTree = "<group>"; };
		152AA1521A4BE95600F059B3 /* FMDatabaseQueue.h */ = {isa = PBXFileReference; fileEncoding = 4; lastKnownFileType = sourcecode.c.h; path = FMDatabaseQueue.h; sourceTree = "<group>"; };
		152AA1531A4BE95600F059B3 /* FMDatabaseQueue.m */ = {isa = PBXFileReference; fileEncoding = 4; lastKnownFileType = sourcecode.c.objc; path = FMDatabaseQueue.m; sourceTree = "<group>"; };
		152AA1541A4BE95600F059B3 /* FMDB.h */ = {isa = PBXFileReference; fileEncoding = 4; lastKnownFileType = sourcecode.c.h; path = FMDB.h; sourceTree = "<group>"; };
		152AA1551A4BE95600F059B3 /* FMResultSet.h */ = {isa = PBXFileReference; fileEncoding = 4; lastKnownFileType = sourcecode.c.h; path = FMResultSet.h; sourceTree = "<group>"; };
		152AA1561A4BE95600F059B3 /* FMResultSet.m */ = {isa = PBXFileReference; fileEncoding = 4; lastKnownFileType = sourcecode.c.objc; path = FMResultSet.m; sourceTree = "<group>"; };
		152AA15B1A4BE95600F059B3 /* buffio.h */ = {isa = PBXFileReference; fileEncoding = 4; lastKnownFileType = sourcecode.c.h; path = buffio.h; sourceTree = "<group>"; };
		152AA15C1A4BE95600F059B3 /* platform.h */ = {isa = PBXFileReference; fileEncoding = 4; lastKnownFileType = sourcecode.c.h; path = platform.h; sourceTree = "<group>"; };
		152AA15D1A4BE95600F059B3 /* tidy.h */ = {isa = PBXFileReference; fileEncoding = 4; lastKnownFileType = sourcecode.c.h; path = tidy.h; sourceTree = "<group>"; };
		152AA15E1A4BE95600F059B3 /* tidyenum.h */ = {isa = PBXFileReference; fileEncoding = 4; lastKnownFileType = sourcecode.c.h; path = tidyenum.h; sourceTree = "<group>"; };
		152AA1601A4BE95600F059B3 /* access.c */ = {isa = PBXFileReference; fileEncoding = 4; lastKnownFileType = sourcecode.c.c; path = access.c; sourceTree = "<group>"; };
		152AA1611A4BE95600F059B3 /* access.h */ = {isa = PBXFileReference; fileEncoding = 4; lastKnownFileType = sourcecode.c.h; path = access.h; sourceTree = "<group>"; };
		152AA1621A4BE95600F059B3 /* alloc.c */ = {isa = PBXFileReference; fileEncoding = 4; lastKnownFileType = sourcecode.c.c; path = alloc.c; sourceTree = "<group>"; };
		152AA1631A4BE95600F059B3 /* attrask.c */ = {isa = PBXFileReference; fileEncoding = 4; lastKnownFileType = sourcecode.c.c; path = attrask.c; sourceTree = "<group>"; };
		152AA1641A4BE95600F059B3 /* attrdict.c */ = {isa = PBXFileReference; fileEncoding = 4; lastKnownFileType = sourcecode.c.c; path = attrdict.c; sourceTree = "<group>"; };
		152AA1651A4BE95600F059B3 /* attrdict.h */ = {isa = PBXFileReference; fileEncoding = 4; lastKnownFileType = sourcecode.c.h; path = attrdict.h; sourceTree = "<group>"; };
		152AA1661A4BE95600F059B3 /* attrget.c */ = {isa = PBXFileReference; fileEncoding = 4; lastKnownFileType = sourcecode.c.c; path = attrget.c; sourceTree = "<group>"; };
		152AA1671A4BE95600F059B3 /* attrs.c */ = {isa = PBXFileReference; fileEncoding = 4; lastKnownFileType = sourcecode.c.c; path = attrs.c; sourceTree = "<group>"; };
		152AA1681A4BE95600F059B3 /* attrs.h */ = {isa = PBXFileReference; fileEncoding = 4; lastKnownFileType = sourcecode.c.h; path = attrs.h; sourceTree = "<group>"; };
		152AA1691A4BE95600F059B3 /* buffio.c */ = {isa = PBXFileReference; fileEncoding = 4; lastKnownFileType = sourcecode.c.c; path = buffio.c; sourceTree = "<group>"; };
		152AA16A1A4BE95600F059B3 /* charsets.c */ = {isa = PBXFileReference; fileEncoding = 4; lastKnownFileType = sourcecode.c.c; path = charsets.c; sourceTree = "<group>"; };
		152AA16B1A4BE95600F059B3 /* charsets.h */ = {isa = PBXFileReference; fileEncoding = 4; lastKnownFileType = sourcecode.c.h; path = charsets.h; sourceTree = "<group>"; };
		152AA16C1A4BE95600F059B3 /* clean.c */ = {isa = PBXFileReference; fileEncoding = 4; lastKnownFileType = sourcecode.c.c; path = clean.c; sourceTree = "<group>"; };
		152AA16D1A4BE95600F059B3 /* clean.h */ = {isa = PBXFileReference; fileEncoding = 4; lastKnownFileType = sourcecode.c.h; path = clean.h; sourceTree = "<group>"; };
		152AA16E1A4BE95600F059B3 /* config.c */ = {isa = PBXFileReference; fileEncoding = 4; lastKnownFileType = sourcecode.c.c; path = config.c; sourceTree = "<group>"; };
		152AA16F1A4BE95600F059B3 /* config.h */ = {isa = PBXFileReference; fileEncoding = 4; lastKnownFileType = sourcecode.c.h; path = config.h; sourceTree = "<group>"; };
		152AA1701A4BE95600F059B3 /* entities.c */ = {isa = PBXFileReference; fileEncoding = 4; lastKnownFileType = sourcecode.c.c; path = entities.c; sourceTree = "<group>"; };
		152AA1711A4BE95600F059B3 /* entities.h */ = {isa = PBXFileReference; fileEncoding = 4; lastKnownFileType = sourcecode.c.h; path = entities.h; sourceTree = "<group>"; };
		152AA1721A4BE95600F059B3 /* fileio.c */ = {isa = PBXFileReference; fileEncoding = 4; lastKnownFileType = sourcecode.c.c; path = fileio.c; sourceTree = "<group>"; };
		152AA1731A4BE95600F059B3 /* fileio.h */ = {isa = PBXFileReference; fileEncoding = 4; lastKnownFileType = sourcecode.c.h; path = fileio.h; sourceTree = "<group>"; };
		152AA1741A4BE95600F059B3 /* forward.h */ = {isa = PBXFileReference; fileEncoding = 4; lastKnownFileType = sourcecode.c.h; path = forward.h; sourceTree = "<group>"; };
		152AA1751A4BE95600F059B3 /* iconvtc.c */ = {isa = PBXFileReference; fileEncoding = 4; lastKnownFileType = sourcecode.c.c; path = iconvtc.c; sourceTree = "<group>"; };
		152AA1761A4BE95600F059B3 /* iconvtc.h */ = {isa = PBXFileReference; fileEncoding = 4; lastKnownFileType = sourcecode.c.h; path = iconvtc.h; sourceTree = "<group>"; };
		152AA1771A4BE95600F059B3 /* istack.c */ = {isa = PBXFileReference; fileEncoding = 4; lastKnownFileType = sourcecode.c.c; path = istack.c; sourceTree = "<group>"; };
		152AA1781A4BE95600F059B3 /* lexer.c */ = {isa = PBXFileReference; fileEncoding = 4; lastKnownFileType = sourcecode.c.c; path = lexer.c; sourceTree = "<group>"; };
		152AA1791A4BE95600F059B3 /* lexer.h */ = {isa = PBXFileReference; fileEncoding = 4; lastKnownFileType = sourcecode.c.h; path = lexer.h; sourceTree = "<group>"; };
		152AA17A1A4BE95600F059B3 /* localize.c */ = {isa = PBXFileReference; fileEncoding = 4; lastKnownFileType = sourcecode.c.c; path = localize.c; sourceTree = "<group>"; };
		152AA17B1A4BE95600F059B3 /* mappedio.c */ = {isa = PBXFileReference; fileEncoding = 4; lastKnownFileType = sourcecode.c.c; path = mappedio.c; sourceTree = "<group>"; };
		152AA17C1A4BE95600F059B3 /* mappedio.h */ = {isa = PBXFileReference; fileEncoding = 4; lastKnownFileType = sourcecode.c.h; path = mappedio.h; sourceTree = "<group>"; };
		152AA17D1A4BE95600F059B3 /* message.h */ = {isa = PBXFileReference; fileEncoding = 4; lastKnownFileType = sourcecode.c.h; path = message.h; sourceTree = "<group>"; };
		152AA17E1A4BE95600F059B3 /* parser.c */ = {isa = PBXFileReference; fileEncoding = 4; lastKnownFileType = sourcecode.c.c; path = parser.c; sourceTree = "<group>"; };
		152AA17F1A4BE95600F059B3 /* parser.h */ = {isa = PBXFileReference; fileEncoding = 4; lastKnownFileType = sourcecode.c.h; path = parser.h; sourceTree = "<group>"; };
		152AA1801A4BE95600F059B3 /* pprint.c */ = {isa = PBXFileReference; fileEncoding = 4; lastKnownFileType = sourcecode.c.c; path = pprint.c; sourceTree = "<group>"; };
		152AA1811A4BE95600F059B3 /* pprint.h */ = {isa = PBXFileReference; fileEncoding = 4; lastKnownFileType = sourcecode.c.h; path = pprint.h; sourceTree = "<group>"; };
		152AA1821A4BE95600F059B3 /* streamio.c */ = {isa = PBXFileReference; fileEncoding = 4; lastKnownFileType = sourcecode.c.c; path = streamio.c; sourceTree = "<group>"; };
		152AA1831A4BE95600F059B3 /* streamio.h */ = {isa = PBXFileReference; fileEncoding = 4; lastKnownFileType = sourcecode.c.h; path = streamio.h; sourceTree = "<group>"; };
		152AA1841A4BE95600F059B3 /* tagask.c */ = {isa = PBXFileReference; fileEncoding = 4; lastKnownFileType = sourcecode.c.c; path = tagask.c; sourceTree = "<group>"; };
		152AA1851A4BE95600F059B3 /* tags.c */ = {isa = PBXFileReference; fileEncoding = 4; lastKnownFileType = sourcecode.c.c; path = tags.c; sourceTree = "<group>"; };
		152AA1861A4BE95600F059B3 /* tags.h */ = {isa = PBXFileReference; fileEncoding = 4; lastKnownFileType = sourcecode.c.h; path = tags.h; sourceTree = "<group>"; };
		152AA1871A4BE95600F059B3 /* tidy-int.h */ = {isa = PBXFileReference; fileEncoding = 4; lastKnownFileType = sourcecode.c.h; path = "tidy-int.h"; sourceTree = "<group>"; };
		152AA1881A4BE95600F059B3 /* tidylib.c */ = {isa = PBXFileReference; fileEncoding = 4; lastKnownFileType = sourcecode.c.c; path = tidylib.c; sourceTree = "<group>"; };
		152AA1891A4BE95600F059B3 /* tmbstr.c */ = {isa = PBXFileReference; fileEncoding = 4; lastKnownFileType = sourcecode.c.c; path = tmbstr.c; sourceTree = "<group>"; };
		152AA18A1A4BE95600F059B3 /* tmbstr.h */ = {isa = PBXFileReference; fileEncoding = 4; lastKnownFileType = sourcecode.c.h; path = tmbstr.h; sourceTree = "<group>"; };
		152AA18B1A4BE95600F059B3 /* utf8.c */ = {isa = PBXFileReference; fileEncoding = 4; lastKnownFileType = sourcecode.c.c; path = utf8.c; sourceTree = "<group>"; };
		152AA18C1A4BE95600F059B3 /* utf8.h */ = {isa = PBXFileReference; fileEncoding = 4; lastKnownFileType = sourcecode.c.h; path = utf8.h; sourceTree = "<group>"; };
		152AA18D1A4BE95600F059B3 /* version.h */ = {isa = PBXFileReference; fileEncoding = 4; lastKnownFileType = sourcecode.c.h; path = version.h; sourceTree = "<group>"; };
		152AA18E1A4BE95600F059B3 /* win32tc.c */ = {isa = PBXFileReference; fileEncoding = 4; lastKnownFileType = sourcecode.c.c; path = win32tc.c; sourceTree = "<group>"; };
		152AA18F1A4BE95600F059B3 /* win32tc.h */ = {isa = PBXFileReference; fileEncoding = 4; lastKnownFileType = sourcecode.c.h; path = win32tc.h; sourceTree = "<group>"; };
		152AA1911A4BE95600F059B3 /* GDataXMLNode.h */ = {isa = PBXFileReference; fileEncoding = 4; lastKnownFileType = sourcecode.c.h; path = GDataXMLNode.h; sourceTree = "<group>"; };
		152AA1921A4BE95600F059B3 /* GDataXMLNode.m */ = {isa = PBXFileReference; fileEncoding = 4; lastKnownFileType = sourcecode.c.objc; path = GDataXMLNode.m; sourceTree = "<group>"; };
		152AA1931A4BE95600F059B3 /* HtmlTidy.h */ = {isa = PBXFileReference; fileEncoding = 4; lastKnownFileType = sourcecode.c.h; path = HtmlTidy.h; sourceTree = "<group>"; };
		152AA1941A4BE95600F059B3 /* HtmlTidy.m */ = {isa = PBXFileReference; fileEncoding = 4; lastKnownFileType = sourcecode.c.objc; path = HtmlTidy.m; sourceTree = "<group>"; };
		152AA1961A4BE95600F059B3 /* JSON.h */ = {isa = PBXFileReference; fileEncoding = 4; lastKnownFileType = sourcecode.c.h; path = JSON.h; sourceTree = "<group>"; };
		152AA1971A4BE95600F059B3 /* NSObject+SBJSON.h */ = {isa = PBXFileReference; fileEncoding = 4; lastKnownFileType = sourcecode.c.h; path = "NSObject+SBJSON.h"; sourceTree = "<group>"; };
		152AA1981A4BE95600F059B3 /* NSObject+SBJSON.m */ = {isa = PBXFileReference; fileEncoding = 4; lastKnownFileType = sourcecode.c.objc; path = "NSObject+SBJSON.m"; sourceTree = "<group>"; };
		152AA1991A4BE95600F059B3 /* NSString+SBJSON.h */ = {isa = PBXFileReference; fileEncoding = 4; lastKnownFileType = sourcecode.c.h; path = "NSString+SBJSON.h"; sourceTree = "<group>"; };
		152AA19A1A4BE95600F059B3 /* NSString+SBJSON.m */ = {isa = PBXFileReference; fileEncoding = 4; lastKnownFileType = sourcecode.c.objc; path = "NSString+SBJSON.m"; sourceTree = "<group>"; };
		152AA19B1A4BE95600F059B3 /* SBJsonBase.h */ = {isa = PBXFileReference; fileEncoding = 4; lastKnownFileType = sourcecode.c.h; path = SBJsonBase.h; sourceTree = "<group>"; };
		152AA19C1A4BE95600F059B3 /* SBJsonBase.m */ = {isa = PBXFileReference; fileEncoding = 4; lastKnownFileType = sourcecode.c.objc; path = SBJsonBase.m; sourceTree = "<group>"; };
		152AA19D1A4BE95600F059B3 /* SBJsonParser.h */ = {isa = PBXFileReference; fileEncoding = 4; lastKnownFileType = sourcecode.c.h; path = SBJsonParser.h; sourceTree = "<group>"; };
		152AA19E1A4BE95600F059B3 /* SBJsonParser.m */ = {isa = PBXFileReference; fileEncoding = 4; lastKnownFileType = sourcecode.c.objc; path = SBJsonParser.m; sourceTree = "<group>"; };
		152AA19F1A4BE95600F059B3 /* SBJsonWriter.h */ = {isa = PBXFileReference; fileEncoding = 4; lastKnownFileType = sourcecode.c.h; path = SBJsonWriter.h; sourceTree = "<group>"; };
		152AA1A01A4BE95600F059B3 /* SBJsonWriter.m */ = {isa = PBXFileReference; fileEncoding = 4; lastKnownFileType = sourcecode.c.objc; path = SBJsonWriter.m; sourceTree = "<group>"; };
		152AA1A21A4BE95600F059B3 /* Reachability.h */ = {isa = PBXFileReference; fileEncoding = 4; lastKnownFileType = sourcecode.c.h; path = Reachability.h; sourceTree = "<group>"; };
		152AA1A31A4BE95600F059B3 /* Reachability.m */ = {isa = PBXFileReference; fileEncoding = 4; lastKnownFileType = sourcecode.c.objc; path = Reachability.m; sourceTree = "<group>"; };
		152AA1AB1A4BE95600F059B3 /* crypt.h */ = {isa = PBXFileReference; fileEncoding = 4; lastKnownFileType = sourcecode.c.h; path = crypt.h; sourceTree = "<group>"; };
		152AA1AC1A4BE95600F059B3 /* ioapi.c */ = {isa = PBXFileReference; fileEncoding = 4; lastKnownFileType = sourcecode.c.c; path = ioapi.c; sourceTree = "<group>"; };
		152AA1AD1A4BE95600F059B3 /* ioapi.h */ = {isa = PBXFileReference; fileEncoding = 4; lastKnownFileType = sourcecode.c.h; path = ioapi.h; sourceTree = "<group>"; };
		152AA1AE1A4BE95600F059B3 /* mztools.c */ = {isa = PBXFileReference; fileEncoding = 4; lastKnownFileType = sourcecode.c.c; path = mztools.c; sourceTree = "<group>"; };
		152AA1AF1A4BE95600F059B3 /* mztools.h */ = {isa = PBXFileReference; fileEncoding = 4; lastKnownFileType = sourcecode.c.h; path = mztools.h; sourceTree = "<group>"; };
		152AA1B01A4BE95600F059B3 /* unzip.c */ = {isa = PBXFileReference; fileEncoding = 4; lastKnownFileType = sourcecode.c.c; path = unzip.c; sourceTree = "<group>"; };
		152AA1B11A4BE95600F059B3 /* unzip.h */ = {isa = PBXFileReference; fileEncoding = 4; lastKnownFileType = sourcecode.c.h; path = unzip.h; sourceTree = "<group>"; };
		152AA1B21A4BE95600F059B3 /* zip.c */ = {isa = PBXFileReference; fileEncoding = 4; lastKnownFileType = sourcecode.c.c; path = zip.c; sourceTree = "<group>"; };
		152AA1B31A4BE95600F059B3 /* zip.h */ = {isa = PBXFileReference; fileEncoding = 4; lastKnownFileType = sourcecode.c.h; path = zip.h; sourceTree = "<group>"; };
		152AA1B41A4BE95600F059B3 /* ZipArchive.h */ = {isa = PBXFileReference; fileEncoding = 4; lastKnownFileType = sourcecode.c.h; path = ZipArchive.h; sourceTree = "<group>"; };
		152AA1B51A4BE95600F059B3 /* ZipArchive.mm */ = {isa = PBXFileReference; fileEncoding = 4; lastKnownFileType = sourcecode.cpp.objcpp; path = ZipArchive.mm; sourceTree = "<group>"; };
		152AA1F21A4BEB7B00F059B3 /* libstdc++.dylib */ = {isa = PBXFileReference; lastKnownFileType = "compiled.mach-o.dylib"; name = "libstdc++.dylib"; path = "usr/lib/libstdc++.dylib"; sourceTree = SDKROOT; };
		152AA1F41A4BEB8700F059B3 /* libxml2.dylib */ = {isa = PBXFileReference; lastKnownFileType = "compiled.mach-o.dylib"; name = libxml2.dylib; path = usr/lib/libxml2.dylib; sourceTree = SDKROOT; };
		152AA1F61A4BEB9200F059B3 /* libz.dylib */ = {isa = PBXFileReference; lastKnownFileType = "compiled.mach-o.dylib"; name = libz.dylib; path = usr/lib/libz.dylib; sourceTree = SDKROOT; };
		152AA1F81A4BED8B00F059B3 /* ConfigManage.h */ = {isa = PBXFileReference; fileEncoding = 4; lastKnownFileType = sourcecode.c.h; path = ConfigManage.h; sourceTree = "<group>"; };
		152AA1F91A4BED8B00F059B3 /* ConfigManage.m */ = {isa = PBXFileReference; fileEncoding = 4; lastKnownFileType = sourcecode.c.objc; path = ConfigManage.m; sourceTree = "<group>"; };
		152AA1FB1A4BEE8000F059B3 /* libsqlite3.dylib */ = {isa = PBXFileReference; lastKnownFileType = "compiled.mach-o.dylib"; name = libsqlite3.dylib; path = usr/lib/libsqlite3.dylib; sourceTree = SDKROOT; };
		152AB8D41A4CFB2100365D67 /* DeviceOrientationListener.h */ = {isa = PBXFileReference; fileEncoding = 4; lastKnownFileType = sourcecode.c.h; path = DeviceOrientationListener.h; sourceTree = "<group>"; };
		152AB8D51A4CFB2100365D67 /* DeviceOrientationListener.m */ = {isa = PBXFileReference; fileEncoding = 4; lastKnownFileType = sourcecode.c.objc; path = DeviceOrientationListener.m; sourceTree = "<group>"; };
		152AB8D71A4D00F900365D67 /* BaseWindow.h */ = {isa = PBXFileReference; fileEncoding = 4; lastKnownFileType = sourcecode.c.h; path = BaseWindow.h; sourceTree = "<group>"; };
		152AB8D81A4D00F900365D67 /* BaseWindow.m */ = {isa = PBXFileReference; fileEncoding = 4; lastKnownFileType = sourcecode.c.objc; path = BaseWindow.m; sourceTree = "<group>"; };
		152AB8DF1A4D51DC00365D67 /* HttpUtil.h */ = {isa = PBXFileReference; fileEncoding = 4; lastKnownFileType = sourcecode.c.h; path = HttpUtil.h; sourceTree = "<group>"; };
		152AB8E21A4D530F00365D67 /* HttpUtilDownLoad.h */ = {isa = PBXFileReference; fileEncoding = 4; lastKnownFileType = sourcecode.c.h; path = HttpUtilDownLoad.h; sourceTree = "<group>"; };
		152AB8E31A4D530F00365D67 /* HttpUtilDownLoad.m */ = {isa = PBXFileReference; fileEncoding = 4; lastKnownFileType = sourcecode.c.objc; path = HttpUtilDownLoad.m; sourceTree = "<group>"; };
		152AB8E51A4D534000365D67 /* HttpUtilRequest.h */ = {isa = PBXFileReference; fileEncoding = 4; lastKnownFileType = sourcecode.c.h; path = HttpUtilRequest.h; sourceTree = "<group>"; };
		152AB8E61A4D534000365D67 /* HttpUtilRequest.m */ = {isa = PBXFileReference; fileEncoding = 4; lastKnownFileType = sourcecode.c.objc; path = HttpUtilRequest.m; sourceTree = "<group>"; };
		152AB8EB1A4D586A00365D67 /* zh-Hans */ = {isa = PBXFileReference; lastKnownFileType = text.plist.strings; name = "zh-Hans"; path = Basic_Localizable.strings; sourceTree = "<group>"; };
		152AB8EE1A4D59B600365D67 /* device_orientation.wav */ = {isa = PBXFileReference; lastKnownFileType = audio.wav; path = device_orientation.wav; sourceTree = "<group>"; };
		1585A81C1A53991F004FA37B /* RegexPredicate.h */ = {isa = PBXFileReference; fileEncoding = 4; lastKnownFileType = sourcecode.c.h; path = RegexPredicate.h; sourceTree = "<group>"; };
		1585A81D1A53991F004FA37B /* RegexPredicate.m */ = {isa = PBXFileReference; fileEncoding = 4; lastKnownFileType = sourcecode.c.objc; path = RegexPredicate.m; sourceTree = "<group>"; };
/* End PBXFileReference section */

/* Begin PBXFrameworksBuildPhase section */
		152AA05D1A4BA15500F059B3 /* Frameworks */ = {
			isa = PBXFrameworksBuildPhase;
			buildActionMask = 2147483647;
			files = (
				152AA1FC1A4BEE8000F059B3 /* libsqlite3.dylib in Frameworks */,
				152AA1F71A4BEB9200F059B3 /* libz.dylib in Frameworks */,
				152AA1F51A4BEB8700F059B3 /* libxml2.dylib in Frameworks */,
				152AA1F31A4BEB7B00F059B3 /* libstdc++.dylib in Frameworks */,
			);
			runOnlyForDeploymentPostprocessing = 0;
		};
		152AA0761A4BA15500F059B3 /* Frameworks */ = {
			isa = PBXFrameworksBuildPhase;
			buildActionMask = 2147483647;
			files = (
			);
			runOnlyForDeploymentPostprocessing = 0;
		};
/* End PBXFrameworksBuildPhase section */

/* Begin PBXGroup section */
		152AA0571A4BA15500F059B3 = {
			isa = PBXGroup;
			children = (
				152AB8E81A4D585000365D67 /* Resource */,
				152AA1FB1A4BEE8000F059B3 /* libsqlite3.dylib */,
				152AA1F61A4BEB9200F059B3 /* libz.dylib */,
				152AA1F41A4BEB8700F059B3 /* libxml2.dylib */,
				152AA1F21A4BEB7B00F059B3 /* libstdc++.dylib */,
				152AA12E1A4BE95600F059B3 /* Third-Part */,
				152AA0621A4BA15500F059B3 /* Common */,
				152AA07C1A4BA15500F059B3 /* CommonTests */,
				152AA0611A4BA15500F059B3 /* Products */,
			);
			sourceTree = "<group>";
		};
		152AA0611A4BA15500F059B3 /* Products */ = {
			isa = PBXGroup;
			children = (
				152AA0601A4BA15500F059B3 /* Common.app */,
				152AA0791A4BA15500F059B3 /* CommonTests.xctest */,
			);
			name = Products;
			sourceTree = "<group>";
		};
		152AA0621A4BA15500F059B3 /* Common */ = {
			isa = PBXGroup;
			children = (
				152AA1F81A4BED8B00F059B3 /* ConfigManage.h */,
				152AA1F91A4BED8B00F059B3 /* ConfigManage.m */,
				152AA12B1A4BE70A00F059B3 /* Common.h */,
				152AA0891A4BA19100F059B3 /* Utils.h */,
				152AA08A1A4BA19100F059B3 /* Utils.m */,
				152AA10C1A4BE6C700F059B3 /* Expand */,
				152AA09C1A4BE5CC00F059B3 /* YCControl */,
				152AA0C71A4BE5CC00F059B3 /* YCTools */,
				152AA08C1A4BA7B800F059B3 /* BaseController */,
				152AA0671A4BA15500F059B3 /* AppDelegate.h */,
				152AA0681A4BA15500F059B3 /* AppDelegate.m */,
				152AA06A1A4BA15500F059B3 /* ViewController.h */,
				152AA06B1A4BA15500F059B3 /* ViewController.m */,
				152AA0991A4BC97300F059B3 /* HViewController.h */,
				152AA09A1A4BC97300F059B3 /* HViewController.m */,
				152AA0701A4BA15500F059B3 /* Images.xcassets */,
				152AA0721A4BA15500F059B3 /* LaunchScreen.xib */,
				152AA0631A4BA15500F059B3 /* Supporting Files */,
			);
			path = Common;
			sourceTree = "<group>";
		};
		152AA0631A4BA15500F059B3 /* Supporting Files */ = {
			isa = PBXGroup;
			children = (
				152AA0641A4BA15500F059B3 /* Info.plist */,
				152AA0651A4BA15500F059B3 /* main.m */,
			);
			name = "Supporting Files";
			sourceTree = "<group>";
		};
		152AA07C1A4BA15500F059B3 /* CommonTests */ = {
			isa = PBXGroup;
			children = (
				152AA07F1A4BA15500F059B3 /* CommonTests.m */,
				152AA07D1A4BA15500F059B3 /* Supporting Files */,
			);
			path = CommonTests;
			sourceTree = "<group>";
		};
		152AA07D1A4BA15500F059B3 /* Supporting Files */ = {
			isa = PBXGroup;
			children = (
				152AA07E1A4BA15500F059B3 /* Info.plist */,
			);
			name = "Supporting Files";
			sourceTree = "<group>";
		};
		152AA08C1A4BA7B800F059B3 /* BaseController */ = {
			isa = PBXGroup;
			children = (
				152AA08D1A4BA82B00F059B3 /* BaseNavigationController.h */,
				152AA08E1A4BA82B00F059B3 /* BaseNavigationController.m */,
				152AA0901A4BABFE00F059B3 /* BaseController.h */,
				152AA0911A4BABFE00F059B3 /* BaseController.m */,
				152AA0931A4BBE2000F059B3 /* VertivalController.h */,
				152AA0941A4BBE2000F059B3 /* VertivalController.m */,
				152AA0961A4BC09500F059B3 /* HorizontalController.h */,
				152AA0971A4BC09500F059B3 /* HorizontalController.m */,
				152AB8D71A4D00F900365D67 /* BaseWindow.h */,
				152AB8D81A4D00F900365D67 /* BaseWindow.m */,
			);
			path = BaseController;
			sourceTree = "<group>";
		};
		152AA09C1A4BE5CC00F059B3 /* YCControl */ = {
			isa = PBXGroup;
			children = (
				152AA09D1A4BE5CC00F059B3 /* AsyncImageView */,
				152AA0A31A4BE5CC00F059B3 /* Loading */,
				152AA0A81A4BE5CC00F059B3 /* MJRefresh */,
				152AA0B91A4BE5CC00F059B3 /* Piker */,
				152AA0C01A4BE5CC00F059B3 /* PopUp */,
			);
			path = YCControl;
			sourceTree = "<group>";
		};
		152AA09D1A4BE5CC00F059B3 /* AsyncImageView */ = {
			isa = PBXGroup;
			children = (
				152AA1091A4BE5EE00F059B3 /* AsyncImageView.h */,
				152AA10A1A4BE5EE00F059B3 /* AsyncImageView.m */,
			);
			path = AsyncImageView;
			sourceTree = "<group>";
		};
		152AA0A31A4BE5CC00F059B3 /* Loading */ = {
			isa = PBXGroup;
			children = (
				152AA0A41A4BE5CC00F059B3 /* LoadingView.h */,
				152AA0A51A4BE5CC00F059B3 /* LoadingView.m */,
				152AA0A61A4BE5CC00F059B3 /* MBProgressHUD.h */,
				152AA0A71A4BE5CC00F059B3 /* MBProgressHUD.m */,
			);
			path = Loading;
			sourceTree = "<group>";
		};
		152AA0A81A4BE5CC00F059B3 /* MJRefresh */ = {
			isa = PBXGroup;
			children = (
				152AA0A91A4BE5CC00F059B3 /* MJRefresh.bundle */,
				152AA0AA1A4BE5CC00F059B3 /* MJRefresh.h */,
				152AA0AB1A4BE5CC00F059B3 /* MJRefreshBaseView.h */,
				152AA0AC1A4BE5CC00F059B3 /* MJRefreshBaseView.m */,
				152AA0AD1A4BE5CC00F059B3 /* MJRefreshConst.h */,
				152AA0AE1A4BE5CC00F059B3 /* MJRefreshConst.m */,
				152AA0AF1A4BE5CC00F059B3 /* MJRefreshFooterView.h */,
				152AA0B01A4BE5CC00F059B3 /* MJRefreshFooterView.m */,
				152AA0B11A4BE5CC00F059B3 /* MJRefreshHeaderView.h */,
				152AA0B21A4BE5CC00F059B3 /* MJRefreshHeaderView.m */,
				152AA0B31A4BE5CC00F059B3 /* UIScrollView+Extension.h */,
				152AA0B41A4BE5CC00F059B3 /* UIScrollView+Extension.m */,
				152AA0B51A4BE5CC00F059B3 /* UIScrollView+MJRefresh.h */,
				152AA0B61A4BE5CC00F059B3 /* UIScrollView+MJRefresh.m */,
				152AA0B71A4BE5CC00F059B3 /* UIView+Extension.h */,
				152AA0B81A4BE5CC00F059B3 /* UIView+Extension.m */,
			);
			path = MJRefresh;
			sourceTree = "<group>";
		};
		152AA0B91A4BE5CC00F059B3 /* Piker */ = {
			isa = PBXGroup;
			children = (
				152AA0BA1A4BE5CC00F059B3 /* SimplePickerCell.h */,
				152AA0BB1A4BE5CC00F059B3 /* SimplePickerCell.m */,
				152AA0BC1A4BE5CC00F059B3 /* SimplePikerTable.h */,
				152AA0BD1A4BE5CC00F059B3 /* SimplePikerTable.m */,
				152AA0BE1A4BE5CC00F059B3 /* SimplePikerView.h */,
				152AA0BF1A4BE5CC00F059B3 /* SimplePikerView.m */,
			);
			path = Piker;
			sourceTree = "<group>";
		};
		152AA0C01A4BE5CC00F059B3 /* PopUp */ = {
			isa = PBXGroup;
			children = (
				152AA0C11A4BE5CC00F059B3 /* MovableView.h */,
				152AA0C21A4BE5CC00F059B3 /* MovableView.m */,
				152AA0C31A4BE5CC00F059B3 /* PopUpMovableDialogView.h */,
				152AA0C41A4BE5CC00F059B3 /* PopUpMovableDialogView.m */,
				152AA0C51A4BE5CC00F059B3 /* PopUpMovableView.h */,
				152AA0C61A4BE5CC00F059B3 /* PopUpMovableView.m */,
			);
			path = PopUp;
			sourceTree = "<group>";
		};
		152AA0C71A4BE5CC00F059B3 /* YCTools */ = {
			isa = PBXGroup;
			children = (
				1585A81B1A539904004FA37B /* RegexPredicate */,
				152AB8DA1A4D51DC00365D67 /* HttpUtil */,
				152AB8D31A4CFB0800365D67 /* DeviceOrientationListener */,
				152AA0C81A4BE5CC00F059B3 /* EntityManager */,
				152AA0CF1A4BE5CC00F059B3 /* Graphics */,
				152AA0D61A4BE5CC00F059B3 /* KVO+KVC */,
				152AA0E11A4BE5CC00F059B3 /* ReachabilityListener */,
				152AA0E41A4BE5CC00F059B3 /* Skin */,
				152AA0E71A4BE5CC00F059B3 /* SynOperate */,
			);
			path = YCTools;
			sourceTree = "<group>";
		};
		152AA0C81A4BE5CC00F059B3 /* EntityManager */ = {
			isa = PBXGroup;
			children = (
				152AA0C91A4BE5CC00F059B3 /* FDEntityManager.h */,
				152AA0CA1A4BE5CC00F059B3 /* FDEntityManager.m */,
				152AA0CB1A4BE5CC00F059B3 /* FDObject.h */,
				152AA0CC1A4BE5CC00F059B3 /* FDObject.m */,
				152AA0CD1A4BE5CC00F059B3 /* ReflectClass.h */,
				152AA0CE1A4BE5CC00F059B3 /* ReflectClass.m */,
			);
			path = EntityManager;
			sourceTree = "<group>";
		};
		152AA0CF1A4BE5CC00F059B3 /* Graphics */ = {
			isa = PBXGroup;
			children = (
				152AA0D01A4BE5CC00F059B3 /* GraphicsContext.h */,
				152AA0D11A4BE5CC00F059B3 /* GraphicsContext.m */,
				152AA0D21A4BE5CC00F059B3 /* GraphicsLayer.h */,
				152AA0D31A4BE5CC00F059B3 /* GraphicsLayer.m */,
				152AA0D41A4BE5CC00F059B3 /* GraphicsThumb.h */,
				152AA0D51A4BE5CC00F059B3 /* GraphicsThumb.m */,
			);
			path = Graphics;
			sourceTree = "<group>";
		};
		152AA0D61A4BE5CC00F059B3 /* KVO+KVC */ = {
			isa = PBXGroup;
			children = (
				152AA0D71A4BE5CC00F059B3 /* ObserverListner.h */,
				152AA0D81A4BE5CC00F059B3 /* ObserverListner.m */,
			);
			path = "KVO+KVC";
			sourceTree = "<group>";
		};
		152AA0E11A4BE5CC00F059B3 /* ReachabilityListener */ = {
			isa = PBXGroup;
			children = (
				152AA0E21A4BE5CC00F059B3 /* ReachabilityListener.h */,
				152AA0E31A4BE5CC00F059B3 /* ReachabilityListener.m */,
			);
			path = ReachabilityListener;
			sourceTree = "<group>";
		};
		152AA0E41A4BE5CC00F059B3 /* Skin */ = {
			isa = PBXGroup;
			children = (
				152AA0E51A4BE5CC00F059B3 /* SkinDictionary.h */,
				152AA0E61A4BE5CC00F059B3 /* SkinDictionary.m */,
			);
			path = Skin;
			sourceTree = "<group>";
		};
		152AA0E71A4BE5CC00F059B3 /* SynOperate */ = {
			isa = PBXGroup;
			children = (
				152AA0E81A4BE5CC00F059B3 /* SynOperate.h */,
				152AA0E91A4BE5CC00F059B3 /* SynOperate.m */,
			);
			path = SynOperate;
			sourceTree = "<group>";
		};
		152AA10C1A4BE6C700F059B3 /* Expand */ = {
			isa = PBXGroup;
			children = (
				152AA10D1A4BE6C700F059B3 /* GDataXMLElement+expanded.h */,
				152AA10E1A4BE6C700F059B3 /* GDataXMLElement+expanded.m */,
				152AA10F1A4BE6C700F059B3 /* NSDate+Expand.h */,
				152AA1101A4BE6C700F059B3 /* NSDate+Expand.m */,
				152AA1131A4BE6C700F059B3 /* NSString+Expand.h */,
				152AA1141A4BE6C700F059B3 /* NSString+Expand.m */,
				152AA1151A4BE6C700F059B3 /* UIButton+Expand.h */,
				152AA1161A4BE6C700F059B3 /* UIButton+Expand.m */,
				152AA1171A4BE6C700F059B3 /* UIColor+Expand.h */,
				152AA1181A4BE6C700F059B3 /* UIColor+Expand.m */,
				152AA1191A4BE6C700F059B3 /* UIImage+Expand.h */,
				152AA11A1A4BE6C700F059B3 /* UIImage+Expand.m */,
				152AA11B1A4BE6C700F059B3 /* UILable+Expand.h */,
				152AA11C1A4BE6C700F059B3 /* UILable+Expand.m */,
				152AA11D1A4BE6C700F059B3 /* UIView+Expand.h */,
				152AA11E1A4BE6C700F059B3 /* UIView+Expand.m */,
			);
			path = Expand;
			sourceTree = "<group>";
		};
		152AA12E1A4BE95600F059B3 /* Third-Part */ = {
			isa = PBXGroup;
			children = (
				152AA14B1A4BE95600F059B3 /* FMDB */,
				152AA1571A4BE95600F059B3 /* GdataXML */,
				152AA1951A4BE95600F059B3 /* JSON */,
				152AA1A11A4BE95600F059B3 /* Reachability */,
				152AA1A91A4BE95600F059B3 /* Zip */,
			);
			path = "Third-Part";
			sourceTree = "<group>";
		};
		152AA14B1A4BE95600F059B3 /* FMDB */ = {
			isa = PBXGroup;
			children = (
				152AA14C1A4BE95600F059B3 /* FMDatabase.h */,
				152AA14D1A4BE95600F059B3 /* FMDatabase.m */,
				152AA14E1A4BE95600F059B3 /* FMDatabaseAdditions.h */,
				152AA14F1A4BE95600F059B3 /* FMDatabaseAdditions.m */,
				152AA1501A4BE95600F059B3 /* FMDatabasePool.h */,
				152AA1511A4BE95600F059B3 /* FMDatabasePool.m */,
				152AA1521A4BE95600F059B3 /* FMDatabaseQueue.h */,
				152AA1531A4BE95600F059B3 /* FMDatabaseQueue.m */,
				152AA1541A4BE95600F059B3 /* FMDB.h */,
				152AA1551A4BE95600F059B3 /* FMResultSet.h */,
				152AA1561A4BE95600F059B3 /* FMResultSet.m */,
			);
			path = FMDB;
			sourceTree = "<group>";
		};
		152AA1571A4BE95600F059B3 /* GdataXML */ = {
			isa = PBXGroup;
			children = (
				152AA1581A4BE95600F059B3 /* Externals */,
				152AA1901A4BE95600F059B3 /* GDataXML */,
				152AA1931A4BE95600F059B3 /* HtmlTidy.h */,
				152AA1941A4BE95600F059B3 /* HtmlTidy.m */,
			);
			path = GdataXML;
			sourceTree = "<group>";
		};
		152AA1581A4BE95600F059B3 /* Externals */ = {
			isa = PBXGroup;
			children = (
				152AA1591A4BE95600F059B3 /* Tidy */,
			);
			path = Externals;
			sourceTree = "<group>";
		};
		152AA1591A4BE95600F059B3 /* Tidy */ = {
			isa = PBXGroup;
			children = (
				152AA15A1A4BE95600F059B3 /* include */,
				152AA15F1A4BE95600F059B3 /* src */,
			);
			path = Tidy;
			sourceTree = "<group>";
		};
		152AA15A1A4BE95600F059B3 /* include */ = {
			isa = PBXGroup;
			children = (
				152AA15B1A4BE95600F059B3 /* buffio.h */,
				152AA15C1A4BE95600F059B3 /* platform.h */,
				152AA15D1A4BE95600F059B3 /* tidy.h */,
				152AA15E1A4BE95600F059B3 /* tidyenum.h */,
			);
			path = include;
			sourceTree = "<group>";
		};
		152AA15F1A4BE95600F059B3 /* src */ = {
			isa = PBXGroup;
			children = (
				152AA1601A4BE95600F059B3 /* access.c */,
				152AA1611A4BE95600F059B3 /* access.h */,
				152AA1621A4BE95600F059B3 /* alloc.c */,
				152AA1631A4BE95600F059B3 /* attrask.c */,
				152AA1641A4BE95600F059B3 /* attrdict.c */,
				152AA1651A4BE95600F059B3 /* attrdict.h */,
				152AA1661A4BE95600F059B3 /* attrget.c */,
				152AA1671A4BE95600F059B3 /* attrs.c */,
				152AA1681A4BE95600F059B3 /* attrs.h */,
				152AA1691A4BE95600F059B3 /* buffio.c */,
				152AA16A1A4BE95600F059B3 /* charsets.c */,
				152AA16B1A4BE95600F059B3 /* charsets.h */,
				152AA16C1A4BE95600F059B3 /* clean.c */,
				152AA16D1A4BE95600F059B3 /* clean.h */,
				152AA16E1A4BE95600F059B3 /* config.c */,
				152AA16F1A4BE95600F059B3 /* config.h */,
				152AA1701A4BE95600F059B3 /* entities.c */,
				152AA1711A4BE95600F059B3 /* entities.h */,
				152AA1721A4BE95600F059B3 /* fileio.c */,
				152AA1731A4BE95600F059B3 /* fileio.h */,
				152AA1741A4BE95600F059B3 /* forward.h */,
				152AA1751A4BE95600F059B3 /* iconvtc.c */,
				152AA1761A4BE95600F059B3 /* iconvtc.h */,
				152AA1771A4BE95600F059B3 /* istack.c */,
				152AA1781A4BE95600F059B3 /* lexer.c */,
				152AA1791A4BE95600F059B3 /* lexer.h */,
				152AA17A1A4BE95600F059B3 /* localize.c */,
				152AA17B1A4BE95600F059B3 /* mappedio.c */,
				152AA17C1A4BE95600F059B3 /* mappedio.h */,
				152AA17D1A4BE95600F059B3 /* message.h */,
				152AA17E1A4BE95600F059B3 /* parser.c */,
				152AA17F1A4BE95600F059B3 /* parser.h */,
				152AA1801A4BE95600F059B3 /* pprint.c */,
				152AA1811A4BE95600F059B3 /* pprint.h */,
				152AA1821A4BE95600F059B3 /* streamio.c */,
				152AA1831A4BE95600F059B3 /* streamio.h */,
				152AA1841A4BE95600F059B3 /* tagask.c */,
				152AA1851A4BE95600F059B3 /* tags.c */,
				152AA1861A4BE95600F059B3 /* tags.h */,
				152AA1871A4BE95600F059B3 /* tidy-int.h */,
				152AA1881A4BE95600F059B3 /* tidylib.c */,
				152AA1891A4BE95600F059B3 /* tmbstr.c */,
				152AA18A1A4BE95600F059B3 /* tmbstr.h */,
				152AA18B1A4BE95600F059B3 /* utf8.c */,
				152AA18C1A4BE95600F059B3 /* utf8.h */,
				152AA18D1A4BE95600F059B3 /* version.h */,
				152AA18E1A4BE95600F059B3 /* win32tc.c */,
				152AA18F1A4BE95600F059B3 /* win32tc.h */,
			);
			path = src;
			sourceTree = "<group>";
		};
		152AA1901A4BE95600F059B3 /* GDataXML */ = {
			isa = PBXGroup;
			children = (
				152AA1911A4BE95600F059B3 /* GDataXMLNode.h */,
				152AA1921A4BE95600F059B3 /* GDataXMLNode.m */,
			);
			path = GDataXML;
			sourceTree = "<group>";
		};
		152AA1951A4BE95600F059B3 /* JSON */ = {
			isa = PBXGroup;
			children = (
				152AA1961A4BE95600F059B3 /* JSON.h */,
				152AA1971A4BE95600F059B3 /* NSObject+SBJSON.h */,
				152AA1981A4BE95600F059B3 /* NSObject+SBJSON.m */,
				152AA1991A4BE95600F059B3 /* NSString+SBJSON.h */,
				152AA19A1A4BE95600F059B3 /* NSString+SBJSON.m */,
				152AA19B1A4BE95600F059B3 /* SBJsonBase.h */,
				152AA19C1A4BE95600F059B3 /* SBJsonBase.m */,
				152AA19D1A4BE95600F059B3 /* SBJsonParser.h */,
				152AA19E1A4BE95600F059B3 /* SBJsonParser.m */,
				152AA19F1A4BE95600F059B3 /* SBJsonWriter.h */,
				152AA1A01A4BE95600F059B3 /* SBJsonWriter.m */,
			);
			path = JSON;
			sourceTree = "<group>";
		};
		152AA1A11A4BE95600F059B3 /* Reachability */ = {
			isa = PBXGroup;
			children = (
				152AA1A21A4BE95600F059B3 /* Reachability.h */,
				152AA1A31A4BE95600F059B3 /* Reachability.m */,
			);
			path = Reachability;
			sourceTree = "<group>";
		};
		152AA1A91A4BE95600F059B3 /* Zip */ = {
			isa = PBXGroup;
			children = (
				152AA1AA1A4BE95600F059B3 /* minizip */,
				152AA1B41A4BE95600F059B3 /* ZipArchive.h */,
				152AA1B51A4BE95600F059B3 /* ZipArchive.mm */,
			);
			path = Zip;
			sourceTree = "<group>";
		};
		152AA1AA1A4BE95600F059B3 /* minizip */ = {
			isa = PBXGroup;
			children = (
				152AA1AB1A4BE95600F059B3 /* crypt.h */,
				152AA1AC1A4BE95600F059B3 /* ioapi.c */,
				152AA1AD1A4BE95600F059B3 /* ioapi.h */,
				152AA1AE1A4BE95600F059B3 /* mztools.c */,
				152AA1AF1A4BE95600F059B3 /* mztools.h */,
				152AA1B01A4BE95600F059B3 /* unzip.c */,
				152AA1B11A4BE95600F059B3 /* unzip.h */,
				152AA1B21A4BE95600F059B3 /* zip.c */,
				152AA1B31A4BE95600F059B3 /* zip.h */,
			);
			path = minizip;
			sourceTree = "<group>";
		};
		152AB8D31A4CFB0800365D67 /* DeviceOrientationListener */ = {
			isa = PBXGroup;
			children = (
				152AB8D41A4CFB2100365D67 /* DeviceOrientationListener.h */,
				152AB8D51A4CFB2100365D67 /* DeviceOrientationListener.m */,
			);
			path = DeviceOrientationListener;
			sourceTree = "<group>";
		};
		152AB8DA1A4D51DC00365D67 /* HttpUtil */ = {
			isa = PBXGroup;
			children = (
				152AB8E51A4D534000365D67 /* HttpUtilRequest.h */,
				152AB8E61A4D534000365D67 /* HttpUtilRequest.m */,
				152AB8E21A4D530F00365D67 /* HttpUtilDownLoad.h */,
				152AB8E31A4D530F00365D67 /* HttpUtilDownLoad.m */,
				152AB8DF1A4D51DC00365D67 /* HttpUtil.h */,
			);
			path = HttpUtil;
			sourceTree = "<group>";
		};
		152AB8E81A4D585000365D67 /* Resource */ = {
			isa = PBXGroup;
			children = (
				152AB8ED1A4D59B600365D67 /* shortSound */,
				152AB8E91A4D586A00365D67 /* zh-Hans.lproj */,
			);
			path = Resource;
			sourceTree = "<group>";
		};
		152AB8E91A4D586A00365D67 /* zh-Hans.lproj */ = {
			isa = PBXGroup;
			children = (
				152AB8EA1A4D586A00365D67 /* Basic_Localizable.strings */,
			);
			path = "zh-Hans.lproj";
			sourceTree = "<group>";
		};
		152AB8ED1A4D59B600365D67 /* shortSound */ = {
			isa = PBXGroup;
			children = (
				152AB8EE1A4D59B600365D67 /* device_orientation.wav */,
			);
			path = shortSound;
			sourceTree = "<group>";
		};
		1585A81B1A539904004FA37B /* RegexPredicate */ = {
			isa = PBXGroup;
			children = (
				1585A81C1A53991F004FA37B /* RegexPredicate.h */,
				1585A81D1A53991F004FA37B /* RegexPredicate.m */,
			);
			path = RegexPredicate;
			sourceTree = "<group>";
		};
/* End PBXGroup section */

/* Begin PBXNativeTarget section */
		152AA05F1A4BA15500F059B3 /* Common */ = {
			isa = PBXNativeTarget;
			buildConfigurationList = 152AA0831A4BA15500F059B3 /* Build configuration list for PBXNativeTarget "Common" */;
			buildPhases = (
				152AA05C1A4BA15500F059B3 /* Sources */,
				152AA05D1A4BA15500F059B3 /* Frameworks */,
				152AA05E1A4BA15500F059B3 /* Resources */,
			);
			buildRules = (
			);
			dependencies = (
			);
			name = Common;
			productName = Common;
			productReference = 152AA0601A4BA15500F059B3 /* Common.app */;
			productType = "com.apple.product-type.application";
		};
		152AA0781A4BA15500F059B3 /* CommonTests */ = {
			isa = PBXNativeTarget;
			buildConfigurationList = 152AA0861A4BA15500F059B3 /* Build configuration list for PBXNativeTarget "CommonTests" */;
			buildPhases = (
				152AA0751A4BA15500F059B3 /* Sources */,
				152AA0761A4BA15500F059B3 /* Frameworks */,
				152AA0771A4BA15500F059B3 /* Resources */,
			);
			buildRules = (
			);
			dependencies = (
				152AA07B1A4BA15500F059B3 /* PBXTargetDependency */,
			);
			name = CommonTests;
			productName = CommonTests;
			productReference = 152AA0791A4BA15500F059B3 /* CommonTests.xctest */;
			productType = "com.apple.product-type.bundle.unit-test";
		};
/* End PBXNativeTarget section */

/* Begin PBXProject section */
		152AA0581A4BA15500F059B3 /* Project object */ = {
			isa = PBXProject;
			attributes = {
				LastUpgradeCheck = 0610;
				ORGANIZATIONNAME = wlpiaoyi;
				TargetAttributes = {
					152AA05F1A4BA15500F059B3 = {
						CreatedOnToolsVersion = 6.1.1;
					};
					152AA0781A4BA15500F059B3 = {
						CreatedOnToolsVersion = 6.1.1;
						TestTargetID = 152AA05F1A4BA15500F059B3;
					};
				};
			};
			buildConfigurationList = 152AA05B1A4BA15500F059B3 /* Build configuration list for PBXProject "Common" */;
			compatibilityVersion = "Xcode 3.2";
			developmentRegion = English;
			hasScannedForEncodings = 0;
			knownRegions = (
				en,
				Base,
				"zh-Hans",
			);
			mainGroup = 152AA0571A4BA15500F059B3;
			productRefGroup = 152AA0611A4BA15500F059B3 /* Products */;
			projectDirPath = "";
			projectRoot = "";
			targets = (
				152AA05F1A4BA15500F059B3 /* Common */,
				152AA0781A4BA15500F059B3 /* CommonTests */,
			);
		};
/* End PBXProject section */

/* Begin PBXResourcesBuildPhase section */
		152AA05E1A4BA15500F059B3 /* Resources */ = {
			isa = PBXResourcesBuildPhase;
			buildActionMask = 2147483647;
			files = (
				152AA0741A4BA15500F059B3 /* LaunchScreen.xib in Resources */,
				152AB8EC1A4D586A00365D67 /* Basic_Localizable.strings in Resources */,
				152AB8EF1A4D59B600365D67 /* device_orientation.wav in Resources */,
				152AA0711A4BA15500F059B3 /* Images.xcassets in Resources */,
				152AA0EE1A4BE5CC00F059B3 /* MJRefresh.bundle in Resources */,
			);
			runOnlyForDeploymentPostprocessing = 0;
		};
		152AA0771A4BA15500F059B3 /* Resources */ = {
			isa = PBXResourcesBuildPhase;
			buildActionMask = 2147483647;
			files = (
			);
			runOnlyForDeploymentPostprocessing = 0;
		};
/* End PBXResourcesBuildPhase section */

/* Begin PBXSourcesBuildPhase section */
		152AA05C1A4BA15500F059B3 /* Sources */ = {
			isa = PBXSourcesBuildPhase;
			buildActionMask = 2147483647;
			files = (
				152AA0F11A4BE5CC00F059B3 /* MJRefreshFooterView.m in Sources */,
				152AA06C1A4BA15500F059B3 /* ViewController.m in Sources */,
				152AA1C41A4BE95600F059B3 /* FMDatabase.m in Sources */,
				152AA1E21A4BE95700F059B3 /* win32tc.c in Sources */,
				152AA1071A4BE5CC00F059B3 /* SkinDictionary.m in Sources */,
				1585A81E1A53991F004FA37B /* RegexPredicate.m in Sources */,
				152AA0F21A4BE5CC00F059B3 /* MJRefreshHeaderView.m in Sources */,
				152AA0F31A4BE5CC00F059B3 /* UIScrollView+Extension.m in Sources */,
				152AA1C91A4BE95700F059B3 /* access.c in Sources */,
				152AA1271A4BE6C700F059B3 /* UIImage+Expand.m in Sources */,
				152AA0F61A4BE5CC00F059B3 /* SimplePickerCell.m in Sources */,
				152AA1D41A4BE95700F059B3 /* fileio.c in Sources */,
				152AA0EC1A4BE5CC00F059B3 /* LoadingView.m in Sources */,
				152AA1CB1A4BE95700F059B3 /* attrask.c in Sources */,
				152AA1D71A4BE95700F059B3 /* lexer.c in Sources */,
				152AA0FC1A4BE5CC00F059B3 /* FDEntityManager.m in Sources */,
				152AA1C51A4BE95700F059B3 /* FMDatabaseAdditions.m in Sources */,
				152AA1C71A4BE95700F059B3 /* FMDatabaseQueue.m in Sources */,
				152AA0FF1A4BE5CC00F059B3 /* GraphicsContext.m in Sources */,
				152AA1E61A4BE95700F059B3 /* NSString+SBJSON.m in Sources */,
				152AA0F81A4BE5CC00F059B3 /* SimplePikerView.m in Sources */,
				152AA1CD1A4BE95700F059B3 /* attrget.c in Sources */,
				152AA1E71A4BE95700F059B3 /* SBJsonBase.m in Sources */,
				152AA1D61A4BE95700F059B3 /* istack.c in Sources */,
				152AA1CA1A4BE95700F059B3 /* alloc.c in Sources */,
				152AA1281A4BE6C700F059B3 /* UILable+Expand.m in Sources */,
				152AA0FD1A4BE5CC00F059B3 /* FDObject.m in Sources */,
				152AA1E01A4BE95700F059B3 /* tmbstr.c in Sources */,
				152AA0F91A4BE5CC00F059B3 /* MovableView.m in Sources */,
				152AA1001A4BE5CC00F059B3 /* GraphicsLayer.m in Sources */,
				152AA1D91A4BE95700F059B3 /* mappedio.c in Sources */,
				152AA1DF1A4BE95700F059B3 /* tidylib.c in Sources */,
				152AA0691A4BA15500F059B3 /* AppDelegate.m in Sources */,
				152AA1D21A4BE95700F059B3 /* config.c in Sources */,
				152AA1DB1A4BE95700F059B3 /* pprint.c in Sources */,
				152AA1E11A4BE95700F059B3 /* utf8.c in Sources */,
				152AA1D31A4BE95700F059B3 /* entities.c in Sources */,
				152AA1E41A4BE95700F059B3 /* HtmlTidy.m in Sources */,
				152AA1241A4BE6C700F059B3 /* NSString+Expand.m in Sources */,
				152AA0661A4BA15500F059B3 /* main.m in Sources */,
				152AB8D91A4D00F900365D67 /* BaseWindow.m in Sources */,
				152AA09B1A4BC97300F059B3 /* HViewController.m in Sources */,
				152AA1E31A4BE95700F059B3 /* GDataXMLNode.m in Sources */,
				152AA1061A4BE5CC00F059B3 /* ReachabilityListener.m in Sources */,
				152AA1F01A4BE95700F059B3 /* zip.c in Sources */,
				152AA1211A4BE6C700F059B3 /* GDataXMLElement+expanded.m in Sources */,
				152AA0F51A4BE5CC00F059B3 /* UIView+Extension.m in Sources */,
				152AA10B1A4BE5EE00F059B3 /* AsyncImageView.m in Sources */,
				152AA1CC1A4BE95700F059B3 /* attrdict.c in Sources */,
				152AA0F41A4BE5CC00F059B3 /* UIScrollView+MJRefresh.m in Sources */,
				152AA1CF1A4BE95700F059B3 /* buffio.c in Sources */,
				152AA1E91A4BE95700F059B3 /* SBJsonWriter.m in Sources */,
				152AB8E71A4D534000365D67 /* HttpUtilRequest.m in Sources */,
				152AA1C81A4BE95700F059B3 /* FMResultSet.m in Sources */,
				152AA1021A4BE5CC00F059B3 /* ObserverListner.m in Sources */,
				152AA0FA1A4BE5CC00F059B3 /* PopUpMovableDialogView.m in Sources */,
				152AA1D51A4BE95700F059B3 /* iconvtc.c in Sources */,
				152AA08B1A4BA19100F059B3 /* Utils.m in Sources */,
				152AA0921A4BABFE00F059B3 /* BaseController.m in Sources */,
				152AA0ED1A4BE5CC00F059B3 /* MBProgressHUD.m in Sources */,
				152AA1E81A4BE95700F059B3 /* SBJsonParser.m in Sources */,
				152AA1C61A4BE95700F059B3 /* FMDatabasePool.m in Sources */,
				152AA0EF1A4BE5CC00F059B3 /* MJRefreshBaseView.m in Sources */,
				152AA1EF1A4BE95700F059B3 /* unzip.c in Sources */,
				152AA08F1A4BA82B00F059B3 /* BaseNavigationController.m in Sources */,
				152AA1ED1A4BE95700F059B3 /* ioapi.c in Sources */,
				152AA1DE1A4BE95700F059B3 /* tags.c in Sources */,
				152AA1F11A4BE95700F059B3 /* ZipArchive.mm in Sources */,
				152AA1D01A4BE95700F059B3 /* charsets.c in Sources */,
				152AA0951A4BBE2000F059B3 /* VertivalController.m in Sources */,
				152AA0FE1A4BE5CC00F059B3 /* ReflectClass.m in Sources */,
				152AA1D11A4BE95700F059B3 /* clean.c in Sources */,
				152AA1FA1A4BED8B00F059B3 /* ConfigManage.m in Sources */,
				152AA1011A4BE5CC00F059B3 /* GraphicsThumb.m in Sources */,
				152AA1251A4BE6C700F059B3 /* UIButton+Expand.m in Sources */,
				152AA1DC1A4BE95700F059B3 /* streamio.c in Sources */,
				152AB8D61A4CFB2100365D67 /* DeviceOrientationListener.m in Sources */,
				152AA1081A4BE5CC00F059B3 /* SynOperate.m in Sources */,
				152AA0981A4BC09500F059B3 /* HorizontalController.m in Sources */,
				152AA1261A4BE6C700F059B3 /* UIColor+Expand.m in Sources */,
				152AA0F71A4BE5CC00F059B3 /* SimplePikerTable.m in Sources */,
				152AA0FB1A4BE5CC00F059B3 /* PopUpMovableView.m in Sources */,
				152AA1221A4BE6C700F059B3 /* NSDate+Expand.m in Sources */,
				152AA1E51A4BE95700F059B3 /* NSObject+SBJSON.m in Sources */,
				152AB8E41A4D530F00365D67 /* HttpUtilDownLoad.m in Sources */,
				152AA1EE1A4BE95700F059B3 /* mztools.c in Sources */,
				152AA1CE1A4BE95700F059B3 /* attrs.c in Sources */,
				152AA1291A4BE6C700F059B3 /* UIView+Expand.m in Sources */,
				152AA0F01A4BE5CC00F059B3 /* MJRefreshConst.m in Sources */,
				152AA1DD1A4BE95700F059B3 /* tagask.c in Sources */,
				152AA1EA1A4BE95700F059B3 /* Reachability.m in Sources */,
				152AA1D81A4BE95700F059B3 /* localize.c in Sources */,
				152AA1DA1A4BE95700F059B3 /* parser.c in Sources */,
			);
			runOnlyForDeploymentPostprocessing = 0;
		};
		152AA0751A4BA15500F059B3 /* Sources */ = {
			isa = PBXSourcesBuildPhase;
			buildActionMask = 2147483647;
			files = (
				152AA0801A4BA15500F059B3 /* CommonTests.m in Sources */,
			);
			runOnlyForDeploymentPostprocessing = 0;
		};
/* End PBXSourcesBuildPhase section */

/* Begin PBXTargetDependency section */
		152AA07B1A4BA15500F059B3 /* PBXTargetDependency */ = {
			isa = PBXTargetDependency;
			target = 152AA05F1A4BA15500F059B3 /* Common */;
			targetProxy = 152AA07A1A4BA15500F059B3 /* PBXContainerItemProxy */;
		};
/* End PBXTargetDependency section */

/* Begin PBXVariantGroup section */
		152AA0721A4BA15500F059B3 /* LaunchScreen.xib */ = {
			isa = PBXVariantGroup;
			children = (
				152AA0731A4BA15500F059B3 /* Base */,
			);
			name = LaunchScreen.xib;
			sourceTree = "<group>";
		};
		152AB8EA1A4D586A00365D67 /* Basic_Localizable.strings */ = {
			isa = PBXVariantGroup;
			children = (
				152AB8EB1A4D586A00365D67 /* zh-Hans */,
			);
			name = Basic_Localizable.strings;
			sourceTree = "<group>";
		};
/* End PBXVariantGroup section */

/* Begin XCBuildConfiguration section */
		152AA0811A4BA15500F059B3 /* Debug */ = {
			isa = XCBuildConfiguration;
			buildSettings = {
				ALWAYS_SEARCH_USER_PATHS = NO;
				CLANG_CXX_LANGUAGE_STANDARD = "gnu++0x";
				CLANG_CXX_LIBRARY = "libc++";
				CLANG_ENABLE_MODULES = YES;
				CLANG_ENABLE_OBJC_ARC = YES;
				CLANG_WARN_BOOL_CONVERSION = YES;
				CLANG_WARN_CONSTANT_CONVERSION = YES;
				CLANG_WARN_DIRECT_OBJC_ISA_USAGE = YES_ERROR;
				CLANG_WARN_EMPTY_BODY = YES;
				CLANG_WARN_ENUM_CONVERSION = YES;
				CLANG_WARN_INT_CONVERSION = YES;
				CLANG_WARN_OBJC_ROOT_CLASS = YES_ERROR;
				CLANG_WARN_UNREACHABLE_CODE = YES;
				CLANG_WARN__DUPLICATE_METHOD_MATCH = YES;
				"CODE_SIGN_IDENTITY[sdk=iphoneos*]" = "iPhone Developer";
				COPY_PHASE_STRIP = NO;
				ENABLE_STRICT_OBJC_MSGSEND = YES;
				GCC_C_LANGUAGE_STANDARD = gnu99;
				GCC_DYNAMIC_NO_PIC = NO;
				GCC_OPTIMIZATION_LEVEL = 0;
				GCC_PREPROCESSOR_DEFINITIONS = (
					"DEBUG=1",
					"$(inherited)",
				);
				GCC_SYMBOLS_PRIVATE_EXTERN = NO;
				GCC_WARN_64_TO_32_BIT_CONVERSION = YES;
				GCC_WARN_ABOUT_RETURN_TYPE = YES_ERROR;
				GCC_WARN_UNDECLARED_SELECTOR = YES;
				GCC_WARN_UNINITIALIZED_AUTOS = YES_AGGRESSIVE;
				GCC_WARN_UNUSED_FUNCTION = YES;
				GCC_WARN_UNUSED_VARIABLE = YES;
				IPHONEOS_DEPLOYMENT_TARGET = 7.0;
				MTL_ENABLE_DEBUG_INFO = YES;
				ONLY_ACTIVE_ARCH = YES;
				SDKROOT = iphoneos;
				TARGETED_DEVICE_FAMILY = "1,2";
			};
			name = Debug;
		};
		152AA0821A4BA15500F059B3 /* Release */ = {
			isa = XCBuildConfiguration;
			buildSettings = {
				ALWAYS_SEARCH_USER_PATHS = NO;
				CLANG_CXX_LANGUAGE_STANDARD = "gnu++0x";
				CLANG_CXX_LIBRARY = "libc++";
				CLANG_ENABLE_MODULES = YES;
				CLANG_ENABLE_OBJC_ARC = YES;
				CLANG_WARN_BOOL_CONVERSION = YES;
				CLANG_WARN_CONSTANT_CONVERSION = YES;
				CLANG_WARN_DIRECT_OBJC_ISA_USAGE = YES_ERROR;
				CLANG_WARN_EMPTY_BODY = YES;
				CLANG_WARN_ENUM_CONVERSION = YES;
				CLANG_WARN_INT_CONVERSION = YES;
				CLANG_WARN_OBJC_ROOT_CLASS = YES_ERROR;
				CLANG_WARN_UNREACHABLE_CODE = YES;
				CLANG_WARN__DUPLICATE_METHOD_MATCH = YES;
				"CODE_SIGN_IDENTITY[sdk=iphoneos*]" = "iPhone Developer";
				COPY_PHASE_STRIP = YES;
				ENABLE_NS_ASSERTIONS = NO;
				ENABLE_STRICT_OBJC_MSGSEND = YES;
				GCC_C_LANGUAGE_STANDARD = gnu99;
				GCC_WARN_64_TO_32_BIT_CONVERSION = YES;
				GCC_WARN_ABOUT_RETURN_TYPE = YES_ERROR;
				GCC_WARN_UNDECLARED_SELECTOR = YES;
				GCC_WARN_UNINITIALIZED_AUTOS = YES_AGGRESSIVE;
				GCC_WARN_UNUSED_FUNCTION = YES;
				GCC_WARN_UNUSED_VARIABLE = YES;
				IPHONEOS_DEPLOYMENT_TARGET = 7.0;
				MTL_ENABLE_DEBUG_INFO = NO;
				SDKROOT = iphoneos;
				TARGETED_DEVICE_FAMILY = "1,2";
				VALIDATE_PRODUCT = YES;
			};
			name = Release;
		};
		152AA0841A4BA15500F059B3 /* Debug */ = {
			isa = XCBuildConfiguration;
			buildSettings = {
				ASSETCATALOG_COMPILER_APPICON_NAME = AppIcon;
				ASSETCATALOG_COMPILER_LAUNCHIMAGE_NAME = LaunchImage;
				HEADER_SEARCH_PATHS = /usr/include/libxml2;
				INFOPLIST_FILE = Common/Info.plist;
				IPHONEOS_DEPLOYMENT_TARGET = 7.0;
				LD_RUNPATH_SEARCH_PATHS = "$(inherited) @executable_path/Frameworks";
				LIBRARY_SEARCH_PATHS = "";
				PRODUCT_NAME = "$(TARGET_NAME)";
			};
			name = Debug;
		};
		152AA0851A4BA15500F059B3 /* Release */ = {
			isa = XCBuildConfiguration;
			buildSettings = {
				ASSETCATALOG_COMPILER_APPICON_NAME = AppIcon;
				ASSETCATALOG_COMPILER_LAUNCHIMAGE_NAME = LaunchImage;
				HEADER_SEARCH_PATHS = /usr/include/libxml2;
				INFOPLIST_FILE = Common/Info.plist;
				IPHONEOS_DEPLOYMENT_TARGET = 7.0;
				LD_RUNPATH_SEARCH_PATHS = "$(inherited) @executable_path/Frameworks";
				LIBRARY_SEARCH_PATHS = "";
				PRODUCT_NAME = "$(TARGET_NAME)";
			};
			name = Release;
		};
		152AA0871A4BA15500F059B3 /* Debug */ = {
			isa = XCBuildConfiguration;
			buildSettings = {
				BUNDLE_LOADER = "$(TEST_HOST)";
				FRAMEWORK_SEARCH_PATHS = (
					"$(SDKROOT)/Developer/Library/Frameworks",
					"$(inherited)",
				);
				GCC_PREPROCESSOR_DEFINITIONS = (
					"DEBUG=1",
					"$(inherited)",
				);
				INFOPLIST_FILE = CommonTests/Info.plist;
				LD_RUNPATH_SEARCH_PATHS = "$(inherited) @executable_path/Frameworks @loader_path/Frameworks";
				PRODUCT_NAME = "$(TARGET_NAME)";
				TEST_HOST = "$(BUILT_PRODUCTS_DIR)/Common.app/Common";
			};
			name = Debug;
		};
		152AA0881A4BA15500F059B3 /* Release */ = {
			isa = XCBuildConfiguration;
			buildSettings = {
				BUNDLE_LOADER = "$(TEST_HOST)";
				FRAMEWORK_SEARCH_PATHS = (
					"$(SDKROOT)/Developer/Library/Frameworks",
					"$(inherited)",
				);
				INFOPLIST_FILE = CommonTests/Info.plist;
				LD_RUNPATH_SEARCH_PATHS = "$(inherited) @executable_path/Frameworks @loader_path/Frameworks";
				PRODUCT_NAME = "$(TARGET_NAME)";
				TEST_HOST = "$(BUILT_PRODUCTS_DIR)/Common.app/Common";
			};
			name = Release;
		};
/* End XCBuildConfiguration section */

/* Begin XCConfigurationList section */
		152AA05B1A4BA15500F059B3 /* Build configuration list for PBXProject "Common" */ = {
			isa = XCConfigurationList;
			buildConfigurations = (
				152AA0811A4BA15500F059B3 /* Debug */,
				152AA0821A4BA15500F059B3 /* Release */,
			);
			defaultConfigurationIsVisible = 0;
			defaultConfigurationName = Release;
		};
		152AA0831A4BA15500F059B3 /* Build configuration list for PBXNativeTarget "Common" */ = {
			isa = XCConfigurationList;
			buildConfigurations = (
				152AA0841A4BA15500F059B3 /* Debug */,
				152AA0851A4BA15500F059B3 /* Release */,
			);
			defaultConfigurationIsVisible = 0;
			defaultConfigurationName = Release;
		};
		152AA0861A4BA15500F059B3 /* Build configuration list for PBXNativeTarget "CommonTests" */ = {
			isa = XCConfigurationList;
			buildConfigurations = (
				152AA0871A4BA15500F059B3 /* Debug */,
				152AA0881A4BA15500F059B3 /* Release */,
			);
			defaultConfigurationIsVisible = 0;
			defaultConfigurationName = Release;
		};
/* End XCConfigurationList section */
	};
	rootObject = 152AA0581A4BA15500F059B3 /* Project object */;
}
